
Microsoft Visual Studio Solution File, Format Version 12.00
# Visual Studio Version 17
VisualStudioVersion = 17.14.36408.4 d17.14
MinimumVisualStudioVersion = 12.0.30501.0
Project("{8BC9CEB8-8B4A-11D0-8D11-00A0C91BC942}") = "libavcodec", "libavcodec.vcxproj", "{B4824EFF-C340-425D-A4A8-E2E02A71A7AE}"
	ProjectSection(ProjectDependencies) = postProject
		{3CE4A9EF-98B6-4454-B76E-3AD9C03A2114} = {3CE4A9EF-98B6-4454-B76E-3AD9C03A2114}
		{85763F39-23DF-4C04-B7DF-7FBE3E7CF336} = {85763F39-23DF-4C04-B7DF-7FBE3E7CF336}
		{CE6C44DD-6E38-4293-8AB3-04EE28CCA972} = {CE6C44DD-6E38-4293-8AB3-04EE28CCA972}
	EndProjectSection
EndProject
Project("{8BC9CEB8-8B4A-11D0-8D11-00A0C91BC942}") = "libavdevice", "libavdevice.vcxproj", "{6E165FA4-44EB-4330-8394-9F0D76D8E03E}"
	ProjectSection(ProjectDependencies) = postProject
		{30A96E9B-8061-4F19-BD71-FDE7EA8F7929} = {30A96E9B-8061-4F19-BD71-FDE7EA8F7929}
		{B4824EFF-C340-425D-A4A8-E2E02A71A7AE} = {B4824EFF-C340-425D-A4A8-E2E02A71A7AE}
		{BC2E1028-66CD-41A0-AF90-EEBD8CC52787} = {BC2E1028-66CD-41A0-AF90-EEBD8CC52787}
		{CE6C44DD-6E38-4293-8AB3-04EE28CCA972} = {CE6C44DD-6E38-4293-8AB3-04EE28CCA972}
	EndProjectSection
EndProject
Project("{8BC9CEB8-8B4A-11D0-8D11-00A0C91BC942}") = "libavfilter", "libavfilter.vcxproj", "{BC2E1028-66CD-41A0-AF90-EEBD8CC52787}"
	ProjectSection(ProjectDependencies) = postProject
		{30A96E9B-8061-4F19-BD71-FDE7EA8F7929} = {30A96E9B-8061-4F19-BD71-FDE7EA8F7929}
		{3CE4A9EF-98B6-4454-B76E-3AD9C03A2114} = {3CE4A9EF-98B6-4454-B76E-3AD9C03A2114}
		{4D9C457D-9ADA-4A12-9D06-42D80124C5AB} = {4D9C457D-9ADA-4A12-9D06-42D80124C5AB}
		{6D8A6330-8EBE-49FD-9281-0A396F9F28F2} = {6D8A6330-8EBE-49FD-9281-0A396F9F28F2}
		{B4824EFF-C340-425D-A4A8-E2E02A71A7AE} = {B4824EFF-C340-425D-A4A8-E2E02A71A7AE}
		{CE6C44DD-6E38-4293-8AB3-04EE28CCA972} = {CE6C44DD-6E38-4293-8AB3-04EE28CCA972}
		{D1EFB851-A9A8-4812-ABEE-EFBCB902657B} = {D1EFB851-A9A8-4812-ABEE-EFBCB902657B}
	EndProjectSection
EndProject
Project("{8BC9CEB8-8B4A-11D0-8D11-00A0C91BC942}") = "libavformat", "libavformat.vcxproj", "{30A96E9B-8061-4F19-BD71-FDE7EA8F7929}"
	ProjectSection(ProjectDependencies) = postProject
		{B4824EFF-C340-425D-A4A8-E2E02A71A7AE} = {B4824EFF-C340-425D-A4A8-E2E02A71A7AE}
		{B67554E5-6253-4C94-8BCD-B8F87479970B} = {B67554E5-6253-4C94-8BCD-B8F87479970B}
		{CA9A4A38-CC63-4BDB-8CFB-E058965DDA32} = {CA9A4A38-CC63-4BDB-8CFB-E058965DDA32}
		{CE6C44DD-6E38-4293-8AB3-04EE28CCA972} = {CE6C44DD-6E38-4293-8AB3-04EE28CCA972}
		{D1EFB851-A9A8-4812-ABEE-EFBCB902657B} = {D1EFB851-A9A8-4812-ABEE-EFBCB902657B}
	EndProjectSection
EndProject
Project("{8BC9CEB8-8B4A-11D0-8D11-00A0C91BC942}") = "libavutil", "libavutil.vcxproj", "{CE6C44DD-6E38-4293-8AB3-04EE28CCA972}"
	ProjectSection(ProjectDependencies) = postProject
		{D1EFB851-A9A8-4812-ABEE-EFBCB902657B} = {D1EFB851-A9A8-4812-ABEE-EFBCB902657B}
	EndProjectSection
EndProject
Project("{8BC9CEB8-8B4A-11D0-8D11-00A0C91BC942}") = "libpostproc", "libpostproc.vcxproj", "{4D9C457D-9ADA-4A12-9D06-42D80124C5AB}"
	ProjectSection(ProjectDependencies) = postProject
		{CE6C44DD-6E38-4293-8AB3-04EE28CCA972} = {CE6C44DD-6E38-4293-8AB3-04EE28CCA972}
	EndProjectSection
EndProject
Project("{8BC9CEB8-8B4A-11D0-8D11-00A0C91BC942}") = "libswresample", "libswresample.vcxproj", "{3CE4A9EF-98B6-4454-B76E-3AD9C03A2114}"
	ProjectSection(ProjectDependencies) = postProject
		{CE6C44DD-6E38-4293-8AB3-04EE28CCA972} = {CE6C44DD-6E38-4293-8AB3-04EE28CCA972}
	EndProjectSection
EndProject
Project("{8BC9CEB8-8B4A-11D0-8D11-00A0C91BC942}") = "libswscale", "libswscale.vcxproj", "{6D8A6330-8EBE-49FD-9281-0A396F9F28F2}"
	ProjectSection(ProjectDependencies) = postProject
		{CE6C44DD-6E38-4293-8AB3-04EE28CCA972} = {CE6C44DD-6E38-4293-8AB3-04EE28CCA972}
	EndProjectSection
EndProject
Project("{8BC9CEB8-8B4A-11D0-8D11-00A0C91BC942}") = "ffmpeg", "ffmpeg.vcxproj", "{4081C77E-F1F7-49FA-9BD8-A4D267C83716}"
	ProjectSection(ProjectDependencies) = postProject
		{30A96E9B-8061-4F19-BD71-FDE7EA8F7929} = {30A96E9B-8061-4F19-BD71-FDE7EA8F7929}
		{3CE4A9EF-98B6-4454-B76E-3AD9C03A2114} = {3CE4A9EF-98B6-4454-B76E-3AD9C03A2114}
		{4D9C457D-9ADA-4A12-9D06-42D80124C5AB} = {4D9C457D-9ADA-4A12-9D06-42D80124C5AB}
		{6D8A6330-8EBE-49FD-9281-0A396F9F28F2} = {6D8A6330-8EBE-49FD-9281-0A396F9F28F2}
		{6E165FA4-44EB-4330-8394-9F0D76D8E03E} = {6E165FA4-44EB-4330-8394-9F0D76D8E03E}
		{B4824EFF-C340-425D-A4A8-E2E02A71A7AE} = {B4824EFF-C340-425D-A4A8-E2E02A71A7AE}
		{BC2E1028-66CD-41A0-AF90-EEBD8CC52787} = {BC2E1028-66CD-41A0-AF90-EEBD8CC52787}
		{CE6C44DD-6E38-4293-8AB3-04EE28CCA972} = {CE6C44DD-6E38-4293-8AB3-04EE28CCA972}
	EndProjectSection
EndProject
Project("{8BC9CEB8-8B4A-11D0-8D11-00A0C91BC942}") = "ffplay", "ffplay.vcxproj", "{E2A6865D-BD68-45B4-8130-EFD620F2C7EB}"
	ProjectSection(ProjectDependencies) = postProject
		{30A96E9B-8061-4F19-BD71-FDE7EA8F7929} = {30A96E9B-8061-4F19-BD71-FDE7EA8F7929}
		{3CE4A9EF-98B6-4454-B76E-3AD9C03A2114} = {3CE4A9EF-98B6-4454-B76E-3AD9C03A2114}
		{4D9C457D-9ADA-4A12-9D06-42D80124C5AB} = {4D9C457D-9ADA-4A12-9D06-42D80124C5AB}
		{6D8A6330-8EBE-49FD-9281-0A396F9F28F2} = {6D8A6330-8EBE-49FD-9281-0A396F9F28F2}
		{6E165FA4-44EB-4330-8394-9F0D76D8E03E} = {6E165FA4-44EB-4330-8394-9F0D76D8E03E}
		{B4824EFF-C340-425D-A4A8-E2E02A71A7AE} = {B4824EFF-C340-425D-A4A8-E2E02A71A7AE}
		{BC2E1028-66CD-41A0-AF90-EEBD8CC52787} = {BC2E1028-66CD-41A0-AF90-EEBD8CC52787}
		{CE6C44DD-6E38-4293-8AB3-04EE28CCA972} = {CE6C44DD-6E38-4293-8AB3-04EE28CCA972}
	EndProjectSection
EndProject
Project("{8BC9CEB8-8B4A-11D0-8D11-00A0C91BC942}") = "ffprobe", "ffprobe.vcxproj", "{147A422A-FA63-4724-A5D9-08B1CAFDAB59}"
	ProjectSection(ProjectDependencies) = postProject
		{30A96E9B-8061-4F19-BD71-FDE7EA8F7929} = {30A96E9B-8061-4F19-BD71-FDE7EA8F7929}
		{3CE4A9EF-98B6-4454-B76E-3AD9C03A2114} = {3CE4A9EF-98B6-4454-B76E-3AD9C03A2114}
		{4D9C457D-9ADA-4A12-9D06-42D80124C5AB} = {4D9C457D-9ADA-4A12-9D06-42D80124C5AB}
		{6D8A6330-8EBE-49FD-9281-0A396F9F28F2} = {6D8A6330-8EBE-49FD-9281-0A396F9F28F2}
		{6E165FA4-44EB-4330-8394-9F0D76D8E03E} = {6E165FA4-44EB-4330-8394-9F0D76D8E03E}
		{B4824EFF-C340-425D-A4A8-E2E02A71A7AE} = {B4824EFF-C340-425D-A4A8-E2E02A71A7AE}
		{BC2E1028-66CD-41A0-AF90-EEBD8CC52787} = {BC2E1028-66CD-41A0-AF90-EEBD8CC52787}
		{CE6C44DD-6E38-4293-8AB3-04EE28CCA972} = {CE6C44DD-6E38-4293-8AB3-04EE28CCA972}
	EndProjectSection
EndProject
Project("{2150E333-8FDC-42A3-9474-1A3956D46DE8}") = "Programs", "Programs", "{8A736DDA-6840-4E65-9DA4-BF65A2A70428}"
EndProject
Project("{2150E333-8FDC-42A3-9474-1A3956D46DE8}") = "Solution Items", "Solution Items", "{33ACD422-DFB7-46FF-8734-7031CCFF9247}"
	ProjectSection(SolutionItems) = preProject
		readme.txt = readme.txt
	EndProjectSection
EndProject
Project("{8BC9CEB8-8B4A-11D0-8D11-00A0C91BC942}") = "libdvdread", "..\..\libdvdread\SMP\libdvdread.vcxproj", "{66351D03-374D-4A28-B5DF-3BEBEE3430D2}"
EndProject
Project("{8BC9CEB8-8B4A-11D0-8D11-00A0C91BC942}") = "libdvdnav", "..\..\libdvdnav\SMP\libdvdnav.vcxproj", "{D1EFB851-A9A8-4812-ABEE-EFBCB902657B}"
	ProjectSection(ProjectDependencies) = postProject
		{66351D03-374D-4A28-B5DF-3BEBEE3430D2} = {66351D03-374D-4A28-B5DF-3BEBEE3430D2}
	EndProjectSection
EndProject
Project("{8BC9CEB8-8B4A-11D0-8D11-00A0C91BC942}") = "libbz2", "..\..\bzip2\SMP\libbz2.vcxproj", "{78F4C3F4-CD1D-47EE-82D4-3A81AA701486}"
EndProject
Project("{8BC9CEB8-8B4A-11D0-8D11-00A0C91BC942}") = "libsdl", "..\..\sdl\SMP\libsdl.vcxproj", "{D82A9F8C-D671-4D9B-AE40-13CC6098AE69}"
EndProject
Project("{8BC9CEB8-8B4A-11D0-8D11-00A0C91BC942}") = "libiconv", "..\..\libiconv\SMP\libiconv.vcxproj", "{CB8BB76F-D3FF-434E-A85E-7FFC0893EC9B}"
EndProject
Project("{8BC9CEB8-8B4A-11D0-8D11-00A0C91BC942}") = "liblzma", "..\..\liblzma\SMP\liblzma.vcxproj", "{85763F39-23DF-4C04-B7DF-7FBE3E7CF336}"
EndProject
Project("{8BC9CEB8-8B4A-11D0-8D11-00A0C91BC942}") = "libzlib", "..\..\zlib\SMP\libzlib.vcxproj", "{CA9A4A38-CC63-4BDB-8CFB-E058965DDA32}"
EndProject
Project("{8BC9CEB8-8B4A-11D0-8D11-00A0C91BC942}") = "libbluray", "..\..\libbluray\SMP\libbluray.vcxproj", "{B67554E5-6253-4C94-8BCD-B8F87479970B}"
	ProjectSection(ProjectDependencies) = postProject
		{CB8BB76F-D3FF-434E-A85E-7FFC0893EC9B} = {CB8BB76F-D3FF-434E-A85E-7FFC0893EC9B}
		{CFE70273-7A79-4815-AF95-1E02E2675E37} = {CFE70273-7A79-4815-AF95-1E02E2675E37}
		{DBF1E8F7-5B7D-4CBF-842A-B7E0C02520DC} = {DBF1E8F7-5B7D-4CBF-842A-B7E0C02520DC}
		{E62DC439-DE3B-4F2F-84DF-B34E51FA1969} = {E62DC439-DE3B-4F2F-84DF-B34E51FA1969}
	EndProjectSection
EndProject
Project("{8BC9CEB8-8B4A-11D0-8D11-00A0C91BC942}") = "libfreetype2", "..\..\freetype2\SMP\libfreetype2.vcxproj", "{E62DC439-DE3B-4F2F-84DF-B34E51FA1969}"
EndProject
Project("{8BC9CEB8-8B4A-11D0-8D11-00A0C91BC942}") = "libxml2", "..\..\libxml2\SMP\libxml2.vcxproj", "{CFE70273-7A79-4815-AF95-1E02E2675E37}"
EndProject
Project("{8BC9CEB8-8B4A-11D0-8D11-00A0C91BC942}") = "libfontconfig", "..\..\fontconfig\SMP\libfontconfig.vcxproj", "{DBF1E8F7-5B7D-4CBF-842A-B7E0C02520DC}"
EndProject
Global
	GlobalSection(SolutionConfigurationPlatforms) = preSolution
		Debug|x64 = Debug|x64
		Debug|x86 = Debug|x86
		DebugDLL|x64 = DebugDLL|x64
		DebugDLL|x86 = DebugDLL|x86
		DebugDLLWinRT|x64 = DebugDLLWinRT|x64
		DebugDLLWinRT|x86 = DebugDLLWinRT|x86
		DebugWinRT|x64 = DebugWinRT|x64
		DebugWinRT|x86 = DebugWinRT|x86
		Release|x64 = Release|x64
		Release|x86 = Release|x86
		ReleaseDLL|x64 = ReleaseDLL|x64
		ReleaseDLL|x86 = ReleaseDLL|x86
		ReleaseDLLStaticDeps|x64 = ReleaseDLLStaticDeps|x64
		ReleaseDLLStaticDeps|x86 = ReleaseDLLStaticDeps|x86
		ReleaseDLLWinRT|x64 = ReleaseDLLWinRT|x64
		ReleaseDLLWinRT|x86 = ReleaseDLLWinRT|x86
		ReleaseDLLWinRTStaticDeps|x64 = ReleaseDLLWinRTStaticDeps|x64
		ReleaseDLLWinRTStaticDeps|x86 = ReleaseDLLWinRTStaticDeps|x86
		ReleaseWinRT|x64 = ReleaseWinRT|x64
		ReleaseWinRT|x86 = ReleaseWinRT|x86
	EndGlobalSection
	GlobalSection(ProjectConfigurationPlatforms) = postSolution
		{B4824EFF-C340-425D-A4A8-E2E02A71A7AE}.Debug|x64.ActiveCfg = Debug|x64
		{B4824EFF-C340-425D-A4A8-E2E02A71A7AE}.Debug|x64.Build.0 = Debug|x64
		{B4824EFF-C340-425D-A4A8-E2E02A71A7AE}.Debug|x86.ActiveCfg = Debug|Win32
		{B4824EFF-C340-425D-A4A8-E2E02A71A7AE}.Debug|x86.Build.0 = Debug|Win32
		{B4824EFF-C340-425D-A4A8-E2E02A71A7AE}.DebugDLL|x64.ActiveCfg = DebugDLL|x64
		{B4824EFF-C340-425D-A4A8-E2E02A71A7AE}.DebugDLL|x64.Build.0 = DebugDLL|x64
		{B4824EFF-C340-425D-A4A8-E2E02A71A7AE}.DebugDLL|x86.ActiveCfg = DebugDLL|Win32
		{B4824EFF-C340-425D-A4A8-E2E02A71A7AE}.DebugDLL|x86.Build.0 = DebugDLL|Win32
		{B4824EFF-C340-425D-A4A8-E2E02A71A7AE}.DebugDLLWinRT|x64.ActiveCfg = DebugDLL|x64
		{B4824EFF-C340-425D-A4A8-E2E02A71A7AE}.DebugDLLWinRT|x86.ActiveCfg = DebugDLL|Win32
		{B4824EFF-C340-425D-A4A8-E2E02A71A7AE}.DebugWinRT|x64.ActiveCfg = Debug|x64
		{B4824EFF-C340-425D-A4A8-E2E02A71A7AE}.DebugWinRT|x86.ActiveCfg = Debug|Win32
		{B4824EFF-C340-425D-A4A8-E2E02A71A7AE}.Release|x64.ActiveCfg = Release|x64
		{B4824EFF-C340-425D-A4A8-E2E02A71A7AE}.Release|x64.Build.0 = Release|x64
		{B4824EFF-C340-425D-A4A8-E2E02A71A7AE}.Release|x86.ActiveCfg = Release|Win32
		{B4824EFF-C340-425D-A4A8-E2E02A71A7AE}.Release|x86.Build.0 = Release|Win32
		{B4824EFF-C340-425D-A4A8-E2E02A71A7AE}.ReleaseDLL|x64.ActiveCfg = ReleaseDLL|x64
		{B4824EFF-C340-425D-A4A8-E2E02A71A7AE}.ReleaseDLL|x64.Build.0 = ReleaseDLL|x64
		{B4824EFF-C340-425D-A4A8-E2E02A71A7AE}.ReleaseDLL|x86.ActiveCfg = ReleaseDLL|Win32
		{B4824EFF-C340-425D-A4A8-E2E02A71A7AE}.ReleaseDLL|x86.Build.0 = ReleaseDLL|Win32
		{B4824EFF-C340-425D-A4A8-E2E02A71A7AE}.ReleaseDLLStaticDeps|x64.ActiveCfg = ReleaseDLLStaticDeps|x64
		{B4824EFF-C340-425D-A4A8-E2E02A71A7AE}.ReleaseDLLStaticDeps|x64.Build.0 = ReleaseDLLStaticDeps|x64
		{B4824EFF-C340-425D-A4A8-E2E02A71A7AE}.ReleaseDLLStaticDeps|x86.ActiveCfg = ReleaseDLLStaticDeps|Win32
		{B4824EFF-C340-425D-A4A8-E2E02A71A7AE}.ReleaseDLLStaticDeps|x86.Build.0 = ReleaseDLLStaticDeps|Win32
		{B4824EFF-C340-425D-A4A8-E2E02A71A7AE}.ReleaseDLLWinRT|x64.ActiveCfg = ReleaseDLL|x64
		{B4824EFF-C340-425D-A4A8-E2E02A71A7AE}.ReleaseDLLWinRT|x86.ActiveCfg = ReleaseDLL|Win32
		{B4824EFF-C340-425D-A4A8-E2E02A71A7AE}.ReleaseDLLWinRTStaticDeps|x64.ActiveCfg = ReleaseDLLStaticDeps|x64
		{B4824EFF-C340-425D-A4A8-E2E02A71A7AE}.ReleaseDLLWinRTStaticDeps|x86.ActiveCfg = ReleaseDLLStaticDeps|Win32
		{B4824EFF-C340-425D-A4A8-E2E02A71A7AE}.ReleaseWinRT|x64.ActiveCfg = Release|x64
		{B4824EFF-C340-425D-A4A8-E2E02A71A7AE}.ReleaseWinRT|x86.ActiveCfg = Release|Win32
		{6E165FA4-44EB-4330-8394-9F0D76D8E03E}.Debug|x64.ActiveCfg = Debug|x64
		{6E165FA4-44EB-4330-8394-9F0D76D8E03E}.Debug|x64.Build.0 = Debug|x64
		{6E165FA4-44EB-4330-8394-9F0D76D8E03E}.Debug|x86.ActiveCfg = Debug|Win32
		{6E165FA4-44EB-4330-8394-9F0D76D8E03E}.Debug|x86.Build.0 = Debug|Win32
		{6E165FA4-44EB-4330-8394-9F0D76D8E03E}.DebugDLL|x64.ActiveCfg = DebugDLL|x64
		{6E165FA4-44EB-4330-8394-9F0D76D8E03E}.DebugDLL|x64.Build.0 = DebugDLL|x64
		{6E165FA4-44EB-4330-8394-9F0D76D8E03E}.DebugDLL|x86.ActiveCfg = DebugDLL|Win32
		{6E165FA4-44EB-4330-8394-9F0D76D8E03E}.DebugDLL|x86.Build.0 = DebugDLL|Win32
		{6E165FA4-44EB-4330-8394-9F0D76D8E03E}.DebugDLLWinRT|x64.ActiveCfg = DebugDLL|x64
		{6E165FA4-44EB-4330-8394-9F0D76D8E03E}.DebugDLLWinRT|x86.ActiveCfg = DebugDLL|Win32
		{6E165FA4-44EB-4330-8394-9F0D76D8E03E}.DebugWinRT|x64.ActiveCfg = Debug|x64
		{6E165FA4-44EB-4330-8394-9F0D76D8E03E}.DebugWinRT|x86.ActiveCfg = Debug|Win32
		{6E165FA4-44EB-4330-8394-9F0D76D8E03E}.Release|x64.ActiveCfg = Release|x64
		{6E165FA4-44EB-4330-8394-9F0D76D8E03E}.Release|x64.Build.0 = Release|x64
		{6E165FA4-44EB-4330-8394-9F0D76D8E03E}.Release|x86.ActiveCfg = Release|Win32
		{6E165FA4-44EB-4330-8394-9F0D76D8E03E}.Release|x86.Build.0 = Release|Win32
		{6E165FA4-44EB-4330-8394-9F0D76D8E03E}.ReleaseDLL|x64.ActiveCfg = ReleaseDLL|x64
		{6E165FA4-44EB-4330-8394-9F0D76D8E03E}.ReleaseDLL|x64.Build.0 = ReleaseDLL|x64
		{6E165FA4-44EB-4330-8394-9F0D76D8E03E}.ReleaseDLL|x86.ActiveCfg = ReleaseDLL|Win32
		{6E165FA4-44EB-4330-8394-9F0D76D8E03E}.ReleaseDLL|x86.Build.0 = ReleaseDLL|Win32
		{6E165FA4-44EB-4330-8394-9F0D76D8E03E}.ReleaseDLLStaticDeps|x64.ActiveCfg = ReleaseDLLStaticDeps|x64
		{6E165FA4-44EB-4330-8394-9F0D76D8E03E}.ReleaseDLLStaticDeps|x64.Build.0 = ReleaseDLLStaticDeps|x64
		{6E165FA4-44EB-4330-8394-9F0D76D8E03E}.ReleaseDLLStaticDeps|x86.ActiveCfg = ReleaseDLLStaticDeps|Win32
		{6E165FA4-44EB-4330-8394-9F0D76D8E03E}.ReleaseDLLStaticDeps|x86.Build.0 = ReleaseDLLStaticDeps|Win32
		{6E165FA4-44EB-4330-8394-9F0D76D8E03E}.ReleaseDLLWinRT|x64.ActiveCfg = ReleaseDLL|x64
		{6E165FA4-44EB-4330-8394-9F0D76D8E03E}.ReleaseDLLWinRT|x86.ActiveCfg = ReleaseDLL|Win32
		{6E165FA4-44EB-4330-8394-9F0D76D8E03E}.ReleaseDLLWinRTStaticDeps|x64.ActiveCfg = ReleaseDLLStaticDeps|x64
		{6E165FA4-44EB-4330-8394-9F0D76D8E03E}.ReleaseDLLWinRTStaticDeps|x86.ActiveCfg = ReleaseDLLStaticDeps|Win32
		{6E165FA4-44EB-4330-8394-9F0D76D8E03E}.ReleaseWinRT|x64.ActiveCfg = Release|x64
		{6E165FA4-44EB-4330-8394-9F0D76D8E03E}.ReleaseWinRT|x86.ActiveCfg = Release|Win32
		{BC2E1028-66CD-41A0-AF90-EEBD8CC52787}.Debug|x64.ActiveCfg = Debug|x64
		{BC2E1028-66CD-41A0-AF90-EEBD8CC52787}.Debug|x64.Build.0 = Debug|x64
		{BC2E1028-66CD-41A0-AF90-EEBD8CC52787}.Debug|x86.ActiveCfg = Debug|Win32
		{BC2E1028-66CD-41A0-AF90-EEBD8CC52787}.Debug|x86.Build.0 = Debug|Win32
		{BC2E1028-66CD-41A0-AF90-EEBD8CC52787}.DebugDLL|x64.ActiveCfg = DebugDLL|x64
		{BC2E1028-66CD-41A0-AF90-EEBD8CC52787}.DebugDLL|x64.Build.0 = DebugDLL|x64
		{BC2E1028-66CD-41A0-AF90-EEBD8CC52787}.DebugDLL|x86.ActiveCfg = DebugDLL|Win32
		{BC2E1028-66CD-41A0-AF90-EEBD8CC52787}.DebugDLL|x86.Build.0 = DebugDLL|Win32
		{BC2E1028-66CD-41A0-AF90-EEBD8CC52787}.DebugDLLWinRT|x64.ActiveCfg = DebugDLL|x64
		{BC2E1028-66CD-41A0-AF90-EEBD8CC52787}.DebugDLLWinRT|x86.ActiveCfg = DebugDLL|Win32
		{BC2E1028-66CD-41A0-AF90-EEBD8CC52787}.DebugWinRT|x64.ActiveCfg = Debug|x64
		{BC2E1028-66CD-41A0-AF90-EEBD8CC52787}.DebugWinRT|x86.ActiveCfg = Debug|Win32
		{BC2E1028-66CD-41A0-AF90-EEBD8CC52787}.Release|x64.ActiveCfg = Release|x64
		{BC2E1028-66CD-41A0-AF90-EEBD8CC52787}.Release|x64.Build.0 = Release|x64
		{BC2E1028-66CD-41A0-AF90-EEBD8CC52787}.Release|x86.ActiveCfg = Release|Win32
		{BC2E1028-66CD-41A0-AF90-EEBD8CC52787}.Release|x86.Build.0 = Release|Win32
		{BC2E1028-66CD-41A0-AF90-EEBD8CC52787}.ReleaseDLL|x64.ActiveCfg = ReleaseDLL|x64
		{BC2E1028-66CD-41A0-AF90-EEBD8CC52787}.ReleaseDLL|x64.Build.0 = ReleaseDLL|x64
		{BC2E1028-66CD-41A0-AF90-EEBD8CC52787}.ReleaseDLL|x86.ActiveCfg = ReleaseDLL|Win32
		{BC2E1028-66CD-41A0-AF90-EEBD8CC52787}.ReleaseDLL|x86.Build.0 = ReleaseDLL|Win32
		{BC2E1028-66CD-41A0-AF90-EEBD8CC52787}.ReleaseDLLStaticDeps|x64.ActiveCfg = ReleaseDLLStaticDeps|x64
		{BC2E1028-66CD-41A0-AF90-EEBD8CC52787}.ReleaseDLLStaticDeps|x64.Build.0 = ReleaseDLLStaticDeps|x64
		{BC2E1028-66CD-41A0-AF90-EEBD8CC52787}.ReleaseDLLStaticDeps|x86.ActiveCfg = ReleaseDLLStaticDeps|Win32
		{BC2E1028-66CD-41A0-AF90-EEBD8CC52787}.ReleaseDLLStaticDeps|x86.Build.0 = ReleaseDLLStaticDeps|Win32
		{BC2E1028-66CD-41A0-AF90-EEBD8CC52787}.ReleaseDLLWinRT|x64.ActiveCfg = ReleaseDLL|x64
		{BC2E1028-66CD-41A0-AF90-EEBD8CC52787}.ReleaseDLLWinRT|x86.ActiveCfg = ReleaseDLL|Win32
		{BC2E1028-66CD-41A0-AF90-EEBD8CC52787}.ReleaseDLLWinRTStaticDeps|x64.ActiveCfg = ReleaseDLLStaticDeps|x64
		{BC2E1028-66CD-41A0-AF90-EEBD8CC52787}.ReleaseDLLWinRTStaticDeps|x86.ActiveCfg = ReleaseDLLStaticDeps|Win32
		{BC2E1028-66CD-41A0-AF90-EEBD8CC52787}.ReleaseWinRT|x64.ActiveCfg = Release|x64
		{BC2E1028-66CD-41A0-AF90-EEBD8CC52787}.ReleaseWinRT|x86.ActiveCfg = Release|Win32
		{30A96E9B-8061-4F19-BD71-FDE7EA8F7929}.Debug|x64.ActiveCfg = Debug|x64
		{30A96E9B-8061-4F19-BD71-FDE7EA8F7929}.Debug|x64.Build.0 = Debug|x64
		{30A96E9B-8061-4F19-BD71-FDE7EA8F7929}.Debug|x86.ActiveCfg = Debug|Win32
		{30A96E9B-8061-4F19-BD71-FDE7EA8F7929}.Debug|x86.Build.0 = Debug|Win32
		{30A96E9B-8061-4F19-BD71-FDE7EA8F7929}.DebugDLL|x64.ActiveCfg = DebugDLL|x64
		{30A96E9B-8061-4F19-BD71-FDE7EA8F7929}.DebugDLL|x64.Build.0 = DebugDLL|x64
		{30A96E9B-8061-4F19-BD71-FDE7EA8F7929}.DebugDLL|x86.ActiveCfg = DebugDLL|Win32
		{30A96E9B-8061-4F19-BD71-FDE7EA8F7929}.DebugDLL|x86.Build.0 = DebugDLL|Win32
		{30A96E9B-8061-4F19-BD71-FDE7EA8F7929}.DebugDLLWinRT|x64.ActiveCfg = DebugDLL|x64
		{30A96E9B-8061-4F19-BD71-FDE7EA8F7929}.DebugDLLWinRT|x86.ActiveCfg = DebugDLL|Win32
		{30A96E9B-8061-4F19-BD71-FDE7EA8F7929}.DebugWinRT|x64.ActiveCfg = Debug|x64
		{30A96E9B-8061-4F19-BD71-FDE7EA8F7929}.DebugWinRT|x86.ActiveCfg = Debug|Win32
		{30A96E9B-8061-4F19-BD71-FDE7EA8F7929}.Release|x64.ActiveCfg = Release|x64
		{30A96E9B-8061-4F19-BD71-FDE7EA8F7929}.Release|x64.Build.0 = Release|x64
		{30A96E9B-8061-4F19-BD71-FDE7EA8F7929}.Release|x86.ActiveCfg = Release|Win32
		{30A96E9B-8061-4F19-BD71-FDE7EA8F7929}.Release|x86.Build.0 = Release|Win32
		{30A96E9B-8061-4F19-BD71-FDE7EA8F7929}.ReleaseDLL|x64.ActiveCfg = ReleaseDLL|x64
		{30A96E9B-8061-4F19-BD71-FDE7EA8F7929}.ReleaseDLL|x64.Build.0 = ReleaseDLL|x64
		{30A96E9B-8061-4F19-BD71-FDE7EA8F7929}.ReleaseDLL|x86.ActiveCfg = ReleaseDLL|Win32
		{30A96E9B-8061-4F19-BD71-FDE7EA8F7929}.ReleaseDLL|x86.Build.0 = ReleaseDLL|Win32
		{30A96E9B-8061-4F19-BD71-FDE7EA8F7929}.ReleaseDLLStaticDeps|x64.ActiveCfg = ReleaseDLLStaticDeps|x64
		{30A96E9B-8061-4F19-BD71-FDE7EA8F7929}.ReleaseDLLStaticDeps|x64.Build.0 = ReleaseDLLStaticDeps|x64
		{30A96E9B-8061-4F19-BD71-FDE7EA8F7929}.ReleaseDLLStaticDeps|x86.ActiveCfg = ReleaseDLLStaticDeps|Win32
		{30A96E9B-8061-4F19-BD71-FDE7EA8F7929}.ReleaseDLLStaticDeps|x86.Build.0 = ReleaseDLLStaticDeps|Win32
		{30A96E9B-8061-4F19-BD71-FDE7EA8F7929}.ReleaseDLLWinRT|x64.ActiveCfg = ReleaseDLL|x64
		{30A96E9B-8061-4F19-BD71-FDE7EA8F7929}.ReleaseDLLWinRT|x86.ActiveCfg = ReleaseDLL|Win32
		{30A96E9B-8061-4F19-BD71-FDE7EA8F7929}.ReleaseDLLWinRTStaticDeps|x64.ActiveCfg = ReleaseDLLStaticDeps|x64
		{30A96E9B-8061-4F19-BD71-FDE7EA8F7929}.ReleaseDLLWinRTStaticDeps|x86.ActiveCfg = ReleaseDLLStaticDeps|Win32
		{30A96E9B-8061-4F19-BD71-FDE7EA8F7929}.ReleaseWinRT|x64.ActiveCfg = Release|x64
		{30A96E9B-8061-4F19-BD71-FDE7EA8F7929}.ReleaseWinRT|x86.ActiveCfg = Release|Win32
		{CE6C44DD-6E38-4293-8AB3-04EE28CCA972}.Debug|x64.ActiveCfg = Debug|x64
		{CE6C44DD-6E38-4293-8AB3-04EE28CCA972}.Debug|x64.Build.0 = Debug|x64
		{CE6C44DD-6E38-4293-8AB3-04EE28CCA972}.Debug|x86.ActiveCfg = Debug|Win32
		{CE6C44DD-6E38-4293-8AB3-04EE28CCA972}.Debug|x86.Build.0 = Debug|Win32
		{CE6C44DD-6E38-4293-8AB3-04EE28CCA972}.DebugDLL|x64.ActiveCfg = DebugDLL|x64
		{CE6C44DD-6E38-4293-8AB3-04EE28CCA972}.DebugDLL|x64.Build.0 = DebugDLL|x64
		{CE6C44DD-6E38-4293-8AB3-04EE28CCA972}.DebugDLL|x86.ActiveCfg = DebugDLL|Win32
		{CE6C44DD-6E38-4293-8AB3-04EE28CCA972}.DebugDLL|x86.Build.0 = DebugDLL|Win32
		{CE6C44DD-6E38-4293-8AB3-04EE28CCA972}.DebugDLLWinRT|x64.ActiveCfg = DebugDLL|x64
		{CE6C44DD-6E38-4293-8AB3-04EE28CCA972}.DebugDLLWinRT|x86.ActiveCfg = DebugDLL|Win32
		{CE6C44DD-6E38-4293-8AB3-04EE28CCA972}.DebugWinRT|x64.ActiveCfg = Debug|x64
		{CE6C44DD-6E38-4293-8AB3-04EE28CCA972}.DebugWinRT|x86.ActiveCfg = Debug|Win32
		{CE6C44DD-6E38-4293-8AB3-04EE28CCA972}.Release|x64.ActiveCfg = Release|x64
		{CE6C44DD-6E38-4293-8AB3-04EE28CCA972}.Release|x64.Build.0 = Release|x64
		{CE6C44DD-6E38-4293-8AB3-04EE28CCA972}.Release|x86.ActiveCfg = Release|Win32
		{CE6C44DD-6E38-4293-8AB3-04EE28CCA972}.Release|x86.Build.0 = Release|Win32
		{CE6C44DD-6E38-4293-8AB3-04EE28CCA972}.ReleaseDLL|x64.ActiveCfg = ReleaseDLL|x64
		{CE6C44DD-6E38-4293-8AB3-04EE28CCA972}.ReleaseDLL|x64.Build.0 = ReleaseDLL|x64
		{CE6C44DD-6E38-4293-8AB3-04EE28CCA972}.ReleaseDLL|x86.ActiveCfg = ReleaseDLL|Win32
		{CE6C44DD-6E38-4293-8AB3-04EE28CCA972}.ReleaseDLL|x86.Build.0 = ReleaseDLL|Win32
		{CE6C44DD-6E38-4293-8AB3-04EE28CCA972}.ReleaseDLLStaticDeps|x64.ActiveCfg = ReleaseDLLStaticDeps|x64
		{CE6C44DD-6E38-4293-8AB3-04EE28CCA972}.ReleaseDLLStaticDeps|x64.Build.0 = ReleaseDLLStaticDeps|x64
		{CE6C44DD-6E38-4293-8AB3-04EE28CCA972}.ReleaseDLLStaticDeps|x86.ActiveCfg = ReleaseDLLStaticDeps|Win32
		{CE6C44DD-6E38-4293-8AB3-04EE28CCA972}.ReleaseDLLStaticDeps|x86.Build.0 = ReleaseDLLStaticDeps|Win32
		{CE6C44DD-6E38-4293-8AB3-04EE28CCA972}.ReleaseDLLWinRT|x64.ActiveCfg = ReleaseDLL|x64
		{CE6C44DD-6E38-4293-8AB3-04EE28CCA972}.ReleaseDLLWinRT|x86.ActiveCfg = ReleaseDLL|Win32
		{CE6C44DD-6E38-4293-8AB3-04EE28CCA972}.ReleaseDLLWinRTStaticDeps|x64.ActiveCfg = ReleaseDLLStaticDeps|x64
		{CE6C44DD-6E38-4293-8AB3-04EE28CCA972}.ReleaseDLLWinRTStaticDeps|x86.ActiveCfg = ReleaseDLLStaticDeps|Win32
		{CE6C44DD-6E38-4293-8AB3-04EE28CCA972}.ReleaseWinRT|x64.ActiveCfg = Release|x64
		{CE6C44DD-6E38-4293-8AB3-04EE28CCA972}.ReleaseWinRT|x86.ActiveCfg = Release|Win32
		{4D9C457D-9ADA-4A12-9D06-42D80124C5AB}.Debug|x64.ActiveCfg = Debug|x64
		{4D9C457D-9ADA-4A12-9D06-42D80124C5AB}.Debug|x64.Build.0 = Debug|x64
		{4D9C457D-9ADA-4A12-9D06-42D80124C5AB}.Debug|x86.ActiveCfg = Debug|Win32
		{4D9C457D-9ADA-4A12-9D06-42D80124C5AB}.Debug|x86.Build.0 = Debug|Win32
		{4D9C457D-9ADA-4A12-9D06-42D80124C5AB}.DebugDLL|x64.ActiveCfg = DebugDLL|x64
		{4D9C457D-9ADA-4A12-9D06-42D80124C5AB}.DebugDLL|x64.Build.0 = DebugDLL|x64
		{4D9C457D-9ADA-4A12-9D06-42D80124C5AB}.DebugDLL|x86.ActiveCfg = DebugDLL|Win32
		{4D9C457D-9ADA-4A12-9D06-42D80124C5AB}.DebugDLL|x86.Build.0 = DebugDLL|Win32
		{4D9C457D-9ADA-4A12-9D06-42D80124C5AB}.DebugDLLWinRT|x64.ActiveCfg = DebugDLL|x64
		{4D9C457D-9ADA-4A12-9D06-42D80124C5AB}.DebugDLLWinRT|x86.ActiveCfg = DebugDLL|Win32
		{4D9C457D-9ADA-4A12-9D06-42D80124C5AB}.DebugWinRT|x64.ActiveCfg = Debug|x64
		{4D9C457D-9ADA-4A12-9D06-42D80124C5AB}.DebugWinRT|x86.ActiveCfg = Debug|Win32
		{4D9C457D-9ADA-4A12-9D06-42D80124C5AB}.Release|x64.ActiveCfg = Release|x64
		{4D9C457D-9ADA-4A12-9D06-42D80124C5AB}.Release|x64.Build.0 = Release|x64
		{4D9C457D-9ADA-4A12-9D06-42D80124C5AB}.Release|x86.ActiveCfg = Release|Win32
		{4D9C457D-9ADA-4A12-9D06-42D80124C5AB}.Release|x86.Build.0 = Release|Win32
		{4D9C457D-9ADA-4A12-9D06-42D80124C5AB}.ReleaseDLL|x64.ActiveCfg = ReleaseDLL|x64
		{4D9C457D-9ADA-4A12-9D06-42D80124C5AB}.ReleaseDLL|x64.Build.0 = ReleaseDLL|x64
		{4D9C457D-9ADA-4A12-9D06-42D80124C5AB}.ReleaseDLL|x86.ActiveCfg = ReleaseDLL|Win32
		{4D9C457D-9ADA-4A12-9D06-42D80124C5AB}.ReleaseDLL|x86.Build.0 = ReleaseDLL|Win32
		{4D9C457D-9ADA-4A12-9D06-42D80124C5AB}.ReleaseDLLStaticDeps|x64.ActiveCfg = ReleaseDLLStaticDeps|x64
		{4D9C457D-9ADA-4A12-9D06-42D80124C5AB}.ReleaseDLLStaticDeps|x64.Build.0 = ReleaseDLLStaticDeps|x64
		{4D9C457D-9ADA-4A12-9D06-42D80124C5AB}.ReleaseDLLStaticDeps|x86.ActiveCfg = ReleaseDLLStaticDeps|Win32
		{4D9C457D-9ADA-4A12-9D06-42D80124C5AB}.ReleaseDLLStaticDeps|x86.Build.0 = ReleaseDLLStaticDeps|Win32
		{4D9C457D-9ADA-4A12-9D06-42D80124C5AB}.ReleaseDLLWinRT|x64.ActiveCfg = ReleaseDLL|x64
		{4D9C457D-9ADA-4A12-9D06-42D80124C5AB}.ReleaseDLLWinRT|x86.ActiveCfg = ReleaseDLL|Win32
		{4D9C457D-9ADA-4A12-9D06-42D80124C5AB}.ReleaseDLLWinRTStaticDeps|x64.ActiveCfg = ReleaseDLLStaticDeps|x64
		{4D9C457D-9ADA-4A12-9D06-42D80124C5AB}.ReleaseDLLWinRTStaticDeps|x86.ActiveCfg = ReleaseDLLStaticDeps|Win32
		{4D9C457D-9ADA-4A12-9D06-42D80124C5AB}.ReleaseWinRT|x64.ActiveCfg = Release|x64
		{4D9C457D-9ADA-4A12-9D06-42D80124C5AB}.ReleaseWinRT|x86.ActiveCfg = Release|Win32
		{3CE4A9EF-98B6-4454-B76E-3AD9C03A2114}.Debug|x64.ActiveCfg = Debug|x64
		{3CE4A9EF-98B6-4454-B76E-3AD9C03A2114}.Debug|x64.Build.0 = Debug|x64
		{3CE4A9EF-98B6-4454-B76E-3AD9C03A2114}.Debug|x86.ActiveCfg = Debug|Win32
		{3CE4A9EF-98B6-4454-B76E-3AD9C03A2114}.Debug|x86.Build.0 = Debug|Win32
		{3CE4A9EF-98B6-4454-B76E-3AD9C03A2114}.DebugDLL|x64.ActiveCfg = DebugDLL|x64
		{3CE4A9EF-98B6-4454-B76E-3AD9C03A2114}.DebugDLL|x64.Build.0 = DebugDLL|x64
		{3CE4A9EF-98B6-4454-B76E-3AD9C03A2114}.DebugDLL|x86.ActiveCfg = DebugDLL|Win32
		{3CE4A9EF-98B6-4454-B76E-3AD9C03A2114}.DebugDLL|x86.Build.0 = DebugDLL|Win32
		{3CE4A9EF-98B6-4454-B76E-3AD9C03A2114}.DebugDLLWinRT|x64.ActiveCfg = DebugDLL|x64
		{3CE4A9EF-98B6-4454-B76E-3AD9C03A2114}.DebugDLLWinRT|x86.ActiveCfg = DebugDLL|Win32
		{3CE4A9EF-98B6-4454-B76E-3AD9C03A2114}.DebugWinRT|x64.ActiveCfg = Debug|x64
		{3CE4A9EF-98B6-4454-B76E-3AD9C03A2114}.DebugWinRT|x86.ActiveCfg = Debug|Win32
		{3CE4A9EF-98B6-4454-B76E-3AD9C03A2114}.Release|x64.ActiveCfg = Release|x64
		{3CE4A9EF-98B6-4454-B76E-3AD9C03A2114}.Release|x64.Build.0 = Release|x64
		{3CE4A9EF-98B6-4454-B76E-3AD9C03A2114}.Release|x86.ActiveCfg = Release|Win32
		{3CE4A9EF-98B6-4454-B76E-3AD9C03A2114}.Release|x86.Build.0 = Release|Win32
		{3CE4A9EF-98B6-4454-B76E-3AD9C03A2114}.ReleaseDLL|x64.ActiveCfg = ReleaseDLL|x64
		{3CE4A9EF-98B6-4454-B76E-3AD9C03A2114}.ReleaseDLL|x64.Build.0 = ReleaseDLL|x64
		{3CE4A9EF-98B6-4454-B76E-3AD9C03A2114}.ReleaseDLL|x86.ActiveCfg = ReleaseDLL|Win32
		{3CE4A9EF-98B6-4454-B76E-3AD9C03A2114}.ReleaseDLL|x86.Build.0 = ReleaseDLL|Win32
		{3CE4A9EF-98B6-4454-B76E-3AD9C03A2114}.ReleaseDLLStaticDeps|x64.ActiveCfg = ReleaseDLLStaticDeps|x64
		{3CE4A9EF-98B6-4454-B76E-3AD9C03A2114}.ReleaseDLLStaticDeps|x64.Build.0 = ReleaseDLLStaticDeps|x64
		{3CE4A9EF-98B6-4454-B76E-3AD9C03A2114}.ReleaseDLLStaticDeps|x86.ActiveCfg = ReleaseDLLStaticDeps|Win32
		{3CE4A9EF-98B6-4454-B76E-3AD9C03A2114}.ReleaseDLLStaticDeps|x86.Build.0 = ReleaseDLLStaticDeps|Win32
		{3CE4A9EF-98B6-4454-B76E-3AD9C03A2114}.ReleaseDLLWinRT|x64.ActiveCfg = ReleaseDLL|x64
		{3CE4A9EF-98B6-4454-B76E-3AD9C03A2114}.ReleaseDLLWinRT|x86.ActiveCfg = ReleaseDLL|Win32
		{3CE4A9EF-98B6-4454-B76E-3AD9C03A2114}.ReleaseDLLWinRTStaticDeps|x64.ActiveCfg = ReleaseDLLStaticDeps|x64
		{3CE4A9EF-98B6-4454-B76E-3AD9C03A2114}.ReleaseDLLWinRTStaticDeps|x86.ActiveCfg = ReleaseDLLStaticDeps|Win32
		{3CE4A9EF-98B6-4454-B76E-3AD9C03A2114}.ReleaseWinRT|x64.ActiveCfg = Release|x64
		{3CE4A9EF-98B6-4454-B76E-3AD9C03A2114}.ReleaseWinRT|x86.ActiveCfg = Release|Win32
		{6D8A6330-8EBE-49FD-9281-0A396F9F28F2}.Debug|x64.ActiveCfg = Debug|x64
		{6D8A6330-8EBE-49FD-9281-0A396F9F28F2}.Debug|x64.Build.0 = Debug|x64
		{6D8A6330-8EBE-49FD-9281-0A396F9F28F2}.Debug|x86.ActiveCfg = Debug|Win32
		{6D8A6330-8EBE-49FD-9281-0A396F9F28F2}.Debug|x86.Build.0 = Debug|Win32
		{6D8A6330-8EBE-49FD-9281-0A396F9F28F2}.DebugDLL|x64.ActiveCfg = DebugDLL|x64
		{6D8A6330-8EBE-49FD-9281-0A396F9F28F2}.DebugDLL|x64.Build.0 = DebugDLL|x64
		{6D8A6330-8EBE-49FD-9281-0A396F9F28F2}.DebugDLL|x86.ActiveCfg = DebugDLL|Win32
		{6D8A6330-8EBE-49FD-9281-0A396F9F28F2}.DebugDLL|x86.Build.0 = DebugDLL|Win32
		{6D8A6330-8EBE-49FD-9281-0A396F9F28F2}.DebugDLLWinRT|x64.ActiveCfg = DebugDLL|x64
		{6D8A6330-8EBE-49FD-9281-0A396F9F28F2}.DebugDLLWinRT|x86.ActiveCfg = DebugDLL|Win32
		{6D8A6330-8EBE-49FD-9281-0A396F9F28F2}.DebugWinRT|x64.ActiveCfg = Debug|x64
		{6D8A6330-8EBE-49FD-9281-0A396F9F28F2}.DebugWinRT|x86.ActiveCfg = Debug|Win32
		{6D8A6330-8EBE-49FD-9281-0A396F9F28F2}.Release|x64.ActiveCfg = Release|x64
		{6D8A6330-8EBE-49FD-9281-0A396F9F28F2}.Release|x64.Build.0 = Release|x64
		{6D8A6330-8EBE-49FD-9281-0A396F9F28F2}.Release|x86.ActiveCfg = Release|Win32
		{6D8A6330-8EBE-49FD-9281-0A396F9F28F2}.Release|x86.Build.0 = Release|Win32
		{6D8A6330-8EBE-49FD-9281-0A396F9F28F2}.ReleaseDLL|x64.ActiveCfg = ReleaseDLL|x64
		{6D8A6330-8EBE-49FD-9281-0A396F9F28F2}.ReleaseDLL|x64.Build.0 = ReleaseDLL|x64
		{6D8A6330-8EBE-49FD-9281-0A396F9F28F2}.ReleaseDLL|x86.ActiveCfg = ReleaseDLL|Win32
		{6D8A6330-8EBE-49FD-9281-0A396F9F28F2}.ReleaseDLL|x86.Build.0 = ReleaseDLL|Win32
		{6D8A6330-8EBE-49FD-9281-0A396F9F28F2}.ReleaseDLLStaticDeps|x64.ActiveCfg = ReleaseDLLStaticDeps|x64
		{6D8A6330-8EBE-49FD-9281-0A396F9F28F2}.ReleaseDLLStaticDeps|x64.Build.0 = ReleaseDLLStaticDeps|x64
		{6D8A6330-8EBE-49FD-9281-0A396F9F28F2}.ReleaseDLLStaticDeps|x86.ActiveCfg = ReleaseDLLStaticDeps|Win32
		{6D8A6330-8EBE-49FD-9281-0A396F9F28F2}.ReleaseDLLStaticDeps|x86.Build.0 = ReleaseDLLStaticDeps|Win32
		{6D8A6330-8EBE-49FD-9281-0A396F9F28F2}.ReleaseDLLWinRT|x64.ActiveCfg = ReleaseDLL|x64
		{6D8A6330-8EBE-49FD-9281-0A396F9F28F2}.ReleaseDLLWinRT|x86.ActiveCfg = ReleaseDLL|Win32
		{6D8A6330-8EBE-49FD-9281-0A396F9F28F2}.ReleaseDLLWinRTStaticDeps|x64.ActiveCfg = ReleaseDLLStaticDeps|x64
		{6D8A6330-8EBE-49FD-9281-0A396F9F28F2}.ReleaseDLLWinRTStaticDeps|x86.ActiveCfg = ReleaseDLLStaticDeps|Win32
		{6D8A6330-8EBE-49FD-9281-0A396F9F28F2}.ReleaseWinRT|x64.ActiveCfg = Release|x64
		{6D8A6330-8EBE-49FD-9281-0A396F9F28F2}.ReleaseWinRT|x86.ActiveCfg = Release|Win32
		{4081C77E-F1F7-49FA-9BD8-A4D267C83716}.Debug|x64.ActiveCfg = Debug|x64
		{4081C77E-F1F7-49FA-9BD8-A4D267C83716}.Debug|x86.ActiveCfg = Debug|Win32
		{4081C77E-F1F7-49FA-9BD8-A4D267C83716}.DebugDLL|x64.ActiveCfg = DebugDLL|x64
		{4081C77E-F1F7-49FA-9BD8-A4D267C83716}.DebugDLL|x86.ActiveCfg = DebugDLL|Win32
		{4081C77E-F1F7-49FA-9BD8-A4D267C83716}.DebugDLLWinRT|x64.ActiveCfg = DebugDLL|x64
		{4081C77E-F1F7-49FA-9BD8-A4D267C83716}.DebugDLLWinRT|x86.ActiveCfg = DebugDLL|Win32
		{4081C77E-F1F7-49FA-9BD8-A4D267C83716}.DebugWinRT|x64.ActiveCfg = Debug|x64
		{4081C77E-F1F7-49FA-9BD8-A4D267C83716}.DebugWinRT|x86.ActiveCfg = Debug|Win32
		{4081C77E-F1F7-49FA-9BD8-A4D267C83716}.Release|x64.ActiveCfg = Release|x64
		{4081C77E-F1F7-49FA-9BD8-A4D267C83716}.Release|x64.Build.0 = Release|x64
		{4081C77E-F1F7-49FA-9BD8-A4D267C83716}.Release|x86.ActiveCfg = Release|Win32
		{4081C77E-F1F7-49FA-9BD8-A4D267C83716}.Release|x86.Build.0 = Release|Win32
		{4081C77E-F1F7-49FA-9BD8-A4D267C83716}.ReleaseDLL|x64.ActiveCfg = ReleaseDLL|x64
		{4081C77E-F1F7-49FA-9BD8-A4D267C83716}.ReleaseDLL|x86.ActiveCfg = ReleaseDLL|Win32
		{4081C77E-F1F7-49FA-9BD8-A4D267C83716}.ReleaseDLLStaticDeps|x64.ActiveCfg = ReleaseDLL|x64
		{4081C77E-F1F7-49FA-9BD8-A4D267C83716}.ReleaseDLLStaticDeps|x86.ActiveCfg = ReleaseDLL|Win32
		{4081C77E-F1F7-49FA-9BD8-A4D267C83716}.ReleaseDLLWinRT|x64.ActiveCfg = ReleaseDLL|x64
		{4081C77E-F1F7-49FA-9BD8-A4D267C83716}.ReleaseDLLWinRT|x86.ActiveCfg = ReleaseDLL|Win32
		{4081C77E-F1F7-49FA-9BD8-A4D267C83716}.ReleaseDLLWinRTStaticDeps|x64.ActiveCfg = ReleaseDLL|x64
		{4081C77E-F1F7-49FA-9BD8-A4D267C83716}.ReleaseDLLWinRTStaticDeps|x86.ActiveCfg = ReleaseDLL|Win32
		{4081C77E-F1F7-49FA-9BD8-A4D267C83716}.ReleaseWinRT|x64.ActiveCfg = Release|x64
		{4081C77E-F1F7-49FA-9BD8-A4D267C83716}.ReleaseWinRT|x86.ActiveCfg = Release|Win32
		{E2A6865D-BD68-45B4-8130-EFD620F2C7EB}.Debug|x64.ActiveCfg = Debug|x64
		{E2A6865D-BD68-45B4-8130-EFD620F2C7EB}.Debug|x86.ActiveCfg = Debug|Win32
		{E2A6865D-BD68-45B4-8130-EFD620F2C7EB}.DebugDLL|x64.ActiveCfg = DebugDLL|x64
		{E2A6865D-BD68-45B4-8130-EFD620F2C7EB}.DebugDLL|x86.ActiveCfg = DebugDLL|Win32
		{E2A6865D-BD68-45B4-8130-EFD620F2C7EB}.DebugDLLWinRT|x64.ActiveCfg = DebugDLL|x64
		{E2A6865D-BD68-45B4-8130-EFD620F2C7EB}.DebugDLLWinRT|x86.ActiveCfg = DebugDLL|Win32
		{E2A6865D-BD68-45B4-8130-EFD620F2C7EB}.DebugWinRT|x64.ActiveCfg = Debug|x64
		{E2A6865D-BD68-45B4-8130-EFD620F2C7EB}.DebugWinRT|x86.ActiveCfg = Debug|Win32
		{E2A6865D-BD68-45B4-8130-EFD620F2C7EB}.Release|x64.ActiveCfg = Release|x64
		{E2A6865D-BD68-45B4-8130-EFD620F2C7EB}.Release|x64.Build.0 = Release|x64
		{E2A6865D-BD68-45B4-8130-EFD620F2C7EB}.Release|x86.ActiveCfg = Release|Win32
		{E2A6865D-BD68-45B4-8130-EFD620F2C7EB}.Release|x86.Build.0 = Release|Win32
		{E2A6865D-BD68-45B4-8130-EFD620F2C7EB}.ReleaseDLL|x64.ActiveCfg = ReleaseDLL|x64
		{E2A6865D-BD68-45B4-8130-EFD620F2C7EB}.ReleaseDLL|x86.ActiveCfg = ReleaseDLL|Win32
		{E2A6865D-BD68-45B4-8130-EFD620F2C7EB}.ReleaseDLLStaticDeps|x64.ActiveCfg = ReleaseDLL|x64
		{E2A6865D-BD68-45B4-8130-EFD620F2C7EB}.ReleaseDLLStaticDeps|x86.ActiveCfg = ReleaseDLL|Win32
		{E2A6865D-BD68-45B4-8130-EFD620F2C7EB}.ReleaseDLLWinRT|x64.ActiveCfg = ReleaseDLL|x64
		{E2A6865D-BD68-45B4-8130-EFD620F2C7EB}.ReleaseDLLWinRT|x86.ActiveCfg = ReleaseDLL|Win32
		{E2A6865D-BD68-45B4-8130-EFD620F2C7EB}.ReleaseDLLWinRTStaticDeps|x64.ActiveCfg = ReleaseDLL|x64
		{E2A6865D-BD68-45B4-8130-EFD620F2C7EB}.ReleaseDLLWinRTStaticDeps|x86.ActiveCfg = ReleaseDLL|Win32
		{E2A6865D-BD68-45B4-8130-EFD620F2C7EB}.ReleaseWinRT|x64.ActiveCfg = Release|x64
		{E2A6865D-BD68-45B4-8130-EFD620F2C7EB}.ReleaseWinRT|x86.ActiveCfg = Release|Win32
		{147A422A-FA63-4724-A5D9-08B1CAFDAB59}.Debug|x64.ActiveCfg = Debug|x64
		{147A422A-FA63-4724-A5D9-08B1CAFDAB59}.Debug|x86.ActiveCfg = Debug|Win32
		{147A422A-FA63-4724-A5D9-08B1CAFDAB59}.DebugDLL|x64.ActiveCfg = DebugDLL|x64
		{147A422A-FA63-4724-A5D9-08B1CAFDAB59}.DebugDLL|x86.ActiveCfg = DebugDLL|Win32
		{147A422A-FA63-4724-A5D9-08B1CAFDAB59}.DebugDLLWinRT|x64.ActiveCfg = DebugDLL|x64
		{147A422A-FA63-4724-A5D9-08B1CAFDAB59}.DebugDLLWinRT|x86.ActiveCfg = DebugDLL|Win32
		{147A422A-FA63-4724-A5D9-08B1CAFDAB59}.DebugWinRT|x64.ActiveCfg = Debug|x64
		{147A422A-FA63-4724-A5D9-08B1CAFDAB59}.DebugWinRT|x86.ActiveCfg = Debug|Win32
		{147A422A-FA63-4724-A5D9-08B1CAFDAB59}.Release|x64.ActiveCfg = Release|x64
		{147A422A-FA63-4724-A5D9-08B1CAFDAB59}.Release|x64.Build.0 = Release|x64
		{147A422A-FA63-4724-A5D9-08B1CAFDAB59}.Release|x86.ActiveCfg = Release|Win32
		{147A422A-FA63-4724-A5D9-08B1CAFDAB59}.Release|x86.Build.0 = Release|Win32
		{147A422A-FA63-4724-A5D9-08B1CAFDAB59}.ReleaseDLL|x64.ActiveCfg = ReleaseDLL|x64
		{147A422A-FA63-4724-A5D9-08B1CAFDAB59}.ReleaseDLL|x86.ActiveCfg = ReleaseDLL|Win32
		{147A422A-FA63-4724-A5D9-08B1CAFDAB59}.ReleaseDLLStaticDeps|x64.ActiveCfg = ReleaseDLL|x64
		{147A422A-FA63-4724-A5D9-08B1CAFDAB59}.ReleaseDLLStaticDeps|x86.ActiveCfg = ReleaseDLL|Win32
		{147A422A-FA63-4724-A5D9-08B1CAFDAB59}.ReleaseDLLWinRT|x64.ActiveCfg = ReleaseDLL|x64
		{147A422A-FA63-4724-A5D9-08B1CAFDAB59}.ReleaseDLLWinRT|x86.ActiveCfg = ReleaseDLL|Win32
		{147A422A-FA63-4724-A5D9-08B1CAFDAB59}.ReleaseDLLWinRTStaticDeps|x64.ActiveCfg = ReleaseDLL|x64
		{147A422A-FA63-4724-A5D9-08B1CAFDAB59}.ReleaseDLLWinRTStaticDeps|x86.ActiveCfg = ReleaseDLL|Win32
		{147A422A-FA63-4724-A5D9-08B1CAFDAB59}.ReleaseWinRT|x64.ActiveCfg = Release|x64
		{147A422A-FA63-4724-A5D9-08B1CAFDAB59}.ReleaseWinRT|x86.ActiveCfg = Release|Win32
		{66351D03-374D-4A28-B5DF-3BEBEE3430D2}.Debug|x64.ActiveCfg = Debug|x64
		{66351D03-374D-4A28-B5DF-3BEBEE3430D2}.Debug|x64.Build.0 = Debug|x64
		{66351D03-374D-4A28-B5DF-3BEBEE3430D2}.Debug|x86.ActiveCfg = Debug|Win32
		{66351D03-374D-4A28-B5DF-3BEBEE3430D2}.Debug|x86.Build.0 = Debug|Win32
		{66351D03-374D-4A28-B5DF-3BEBEE3430D2}.DebugDLL|x64.ActiveCfg = DebugDLL|x64
		{66351D03-374D-4A28-B5DF-3BEBEE3430D2}.DebugDLL|x64.Build.0 = DebugDLL|x64
		{66351D03-374D-4A28-B5DF-3BEBEE3430D2}.DebugDLL|x86.ActiveCfg = DebugDLL|Win32
		{66351D03-374D-4A28-B5DF-3BEBEE3430D2}.DebugDLL|x86.Build.0 = DebugDLL|Win32
		{66351D03-374D-4A28-B5DF-3BEBEE3430D2}.DebugDLLWinRT|x64.ActiveCfg = DebugDLL|x64
		{66351D03-374D-4A28-B5DF-3BEBEE3430D2}.DebugDLLWinRT|x64.Build.0 = DebugDLL|x64
		{66351D03-374D-4A28-B5DF-3BEBEE3430D2}.DebugDLLWinRT|x86.ActiveCfg = DebugDLL|Win32
		{66351D03-374D-4A28-B5DF-3BEBEE3430D2}.DebugDLLWinRT|x86.Build.0 = DebugDLL|Win32
		{66351D03-374D-4A28-B5DF-3BEBEE3430D2}.DebugWinRT|x64.ActiveCfg = Debug|x64
		{66351D03-374D-4A28-B5DF-3BEBEE3430D2}.DebugWinRT|x64.Build.0 = Debug|x64
		{66351D03-374D-4A28-B5DF-3BEBEE3430D2}.DebugWinRT|x86.ActiveCfg = Debug|Win32
		{66351D03-374D-4A28-B5DF-3BEBEE3430D2}.DebugWinRT|x86.Build.0 = Debug|Win32
		{66351D03-374D-4A28-B5DF-3BEBEE3430D2}.Release|x64.ActiveCfg = Release|x64
		{66351D03-374D-4A28-B5DF-3BEBEE3430D2}.Release|x64.Build.0 = Release|x64
		{66351D03-374D-4A28-B5DF-3BEBEE3430D2}.Release|x86.ActiveCfg = Release|Win32
		{66351D03-374D-4A28-B5DF-3BEBEE3430D2}.Release|x86.Build.0 = Release|Win32
		{66351D03-374D-4A28-B5DF-3BEBEE3430D2}.ReleaseDLL|x64.ActiveCfg = ReleaseDLL|x64
		{66351D03-374D-4A28-B5DF-3BEBEE3430D2}.ReleaseDLL|x64.Build.0 = ReleaseDLL|x64
		{66351D03-374D-4A28-B5DF-3BEBEE3430D2}.ReleaseDLL|x86.ActiveCfg = ReleaseDLL|Win32
		{66351D03-374D-4A28-B5DF-3BEBEE3430D2}.ReleaseDLL|x86.Build.0 = ReleaseDLL|Win32
		{66351D03-374D-4A28-B5DF-3BEBEE3430D2}.ReleaseDLLStaticDeps|x64.ActiveCfg = ReleaseDLL|x64
		{66351D03-374D-4A28-B5DF-3BEBEE3430D2}.ReleaseDLLStaticDeps|x64.Build.0 = ReleaseDLL|x64
		{66351D03-374D-4A28-B5DF-3BEBEE3430D2}.ReleaseDLLStaticDeps|x86.ActiveCfg = ReleaseDLL|Win32
		{66351D03-374D-4A28-B5DF-3BEBEE3430D2}.ReleaseDLLStaticDeps|x86.Build.0 = ReleaseDLL|Win32
		{66351D03-374D-4A28-B5DF-3BEBEE3430D2}.ReleaseDLLWinRT|x64.ActiveCfg = ReleaseDLL|x64
		{66351D03-374D-4A28-B5DF-3BEBEE3430D2}.ReleaseDLLWinRT|x64.Build.0 = ReleaseDLL|x64
		{66351D03-374D-4A28-B5DF-3BEBEE3430D2}.ReleaseDLLWinRT|x86.ActiveCfg = ReleaseDLL|Win32
		{66351D03-374D-4A28-B5DF-3BEBEE3430D2}.ReleaseDLLWinRT|x86.Build.0 = ReleaseDLL|Win32
		{66351D03-374D-4A28-B5DF-3BEBEE3430D2}.ReleaseDLLWinRTStaticDeps|x64.ActiveCfg = ReleaseDLL|x64
		{66351D03-374D-4A28-B5DF-3BEBEE3430D2}.ReleaseDLLWinRTStaticDeps|x64.Build.0 = ReleaseDLL|x64
		{66351D03-374D-4A28-B5DF-3BEBEE3430D2}.ReleaseDLLWinRTStaticDeps|x86.ActiveCfg = ReleaseDLL|Win32
		{66351D03-374D-4A28-B5DF-3BEBEE3430D2}.ReleaseDLLWinRTStaticDeps|x86.Build.0 = ReleaseDLL|Win32
		{66351D03-374D-4A28-B5DF-3BEBEE3430D2}.ReleaseWinRT|x64.ActiveCfg = Release|x64
		{66351D03-374D-4A28-B5DF-3BEBEE3430D2}.ReleaseWinRT|x64.Build.0 = Release|x64
		{66351D03-374D-4A28-B5DF-3BEBEE3430D2}.ReleaseWinRT|x86.ActiveCfg = Release|Win32
		{66351D03-374D-4A28-B5DF-3BEBEE3430D2}.ReleaseWinRT|x86.Build.0 = Release|Win32
		{D1EFB851-A9A8-4812-ABEE-EFBCB902657B}.Debug|x64.ActiveCfg = Debug|x64
		{D1EFB851-A9A8-4812-ABEE-EFBCB902657B}.Debug|x64.Build.0 = Debug|x64
		{D1EFB851-A9A8-4812-ABEE-EFBCB902657B}.Debug|x86.ActiveCfg = Debug|Win32
		{D1EFB851-A9A8-4812-ABEE-EFBCB902657B}.Debug|x86.Build.0 = Debug|Win32
		{D1EFB851-A9A8-4812-ABEE-EFBCB902657B}.DebugDLL|x64.ActiveCfg = DebugDLL|x64
		{D1EFB851-A9A8-4812-ABEE-EFBCB902657B}.DebugDLL|x64.Build.0 = DebugDLL|x64
		{D1EFB851-A9A8-4812-ABEE-EFBCB902657B}.DebugDLL|x86.ActiveCfg = DebugDLL|Win32
		{D1EFB851-A9A8-4812-ABEE-EFBCB902657B}.DebugDLL|x86.Build.0 = DebugDLL|Win32
		{D1EFB851-A9A8-4812-ABEE-EFBCB902657B}.DebugDLLWinRT|x64.ActiveCfg = DebugDLL|x64
		{D1EFB851-A9A8-4812-ABEE-EFBCB902657B}.DebugDLLWinRT|x64.Build.0 = DebugDLL|x64
		{D1EFB851-A9A8-4812-ABEE-EFBCB902657B}.DebugDLLWinRT|x86.ActiveCfg = DebugDLL|Win32
		{D1EFB851-A9A8-4812-ABEE-EFBCB902657B}.DebugDLLWinRT|x86.Build.0 = DebugDLL|Win32
		{D1EFB851-A9A8-4812-ABEE-EFBCB902657B}.DebugWinRT|x64.ActiveCfg = Debug|x64
		{D1EFB851-A9A8-4812-ABEE-EFBCB902657B}.DebugWinRT|x64.Build.0 = Debug|x64
		{D1EFB851-A9A8-4812-ABEE-EFBCB902657B}.DebugWinRT|x86.ActiveCfg = Debug|Win32
		{D1EFB851-A9A8-4812-ABEE-EFBCB902657B}.DebugWinRT|x86.Build.0 = Debug|Win32
		{D1EFB851-A9A8-4812-ABEE-EFBCB902657B}.Release|x64.ActiveCfg = Release|x64
		{D1EFB851-A9A8-4812-ABEE-EFBCB902657B}.Release|x64.Build.0 = Release|x64
		{D1EFB851-A9A8-4812-ABEE-EFBCB902657B}.Release|x86.ActiveCfg = Release|Win32
		{D1EFB851-A9A8-4812-ABEE-EFBCB902657B}.Release|x86.Build.0 = Release|Win32
		{D1EFB851-A9A8-4812-ABEE-EFBCB902657B}.ReleaseDLL|x64.ActiveCfg = ReleaseDLL|x64
		{D1EFB851-A9A8-4812-ABEE-EFBCB902657B}.ReleaseDLL|x64.Build.0 = ReleaseDLL|x64
		{D1EFB851-A9A8-4812-ABEE-EFBCB902657B}.ReleaseDLL|x86.ActiveCfg = ReleaseDLL|Win32
		{D1EFB851-A9A8-4812-ABEE-EFBCB902657B}.ReleaseDLL|x86.Build.0 = ReleaseDLL|Win32
		{D1EFB851-A9A8-4812-ABEE-EFBCB902657B}.ReleaseDLLStaticDeps|x64.ActiveCfg = ReleaseDLLStaticDeps|x64
		{D1EFB851-A9A8-4812-ABEE-EFBCB902657B}.ReleaseDLLStaticDeps|x64.Build.0 = ReleaseDLLStaticDeps|x64
		{D1EFB851-A9A8-4812-ABEE-EFBCB902657B}.ReleaseDLLStaticDeps|x86.ActiveCfg = ReleaseDLLStaticDeps|Win32
		{D1EFB851-A9A8-4812-ABEE-EFBCB902657B}.ReleaseDLLStaticDeps|x86.Build.0 = ReleaseDLLStaticDeps|Win32
		{D1EFB851-A9A8-4812-ABEE-EFBCB902657B}.ReleaseDLLWinRT|x64.ActiveCfg = ReleaseDLL|x64
		{D1EFB851-A9A8-4812-ABEE-EFBCB902657B}.ReleaseDLLWinRT|x64.Build.0 = ReleaseDLL|x64
		{D1EFB851-A9A8-4812-ABEE-EFBCB902657B}.ReleaseDLLWinRT|x86.ActiveCfg = ReleaseDLL|Win32
		{D1EFB851-A9A8-4812-ABEE-EFBCB902657B}.ReleaseDLLWinRT|x86.Build.0 = ReleaseDLL|Win32
		{D1EFB851-A9A8-4812-ABEE-EFBCB902657B}.ReleaseDLLWinRTStaticDeps|x64.ActiveCfg = ReleaseDLL|x64
		{D1EFB851-A9A8-4812-ABEE-EFBCB902657B}.ReleaseDLLWinRTStaticDeps|x64.Build.0 = ReleaseDLL|x64
		{D1EFB851-A9A8-4812-ABEE-EFBCB902657B}.ReleaseDLLWinRTStaticDeps|x86.ActiveCfg = ReleaseDLL|Win32
		{D1EFB851-A9A8-4812-ABEE-EFBCB902657B}.ReleaseDLLWinRTStaticDeps|x86.Build.0 = ReleaseDLL|Win32
		{D1EFB851-A9A8-4812-ABEE-EFBCB902657B}.ReleaseWinRT|x64.ActiveCfg = Release|x64
		{D1EFB851-A9A8-4812-ABEE-EFBCB902657B}.ReleaseWinRT|x64.Build.0 = Release|x64
		{D1EFB851-A9A8-4812-ABEE-EFBCB902657B}.ReleaseWinRT|x86.ActiveCfg = Release|Win32
		{D1EFB851-A9A8-4812-ABEE-EFBCB902657B}.ReleaseWinRT|x86.Build.0 = Release|Win32
		{78F4C3F4-CD1D-47EE-82D4-3A81AA701486}.Debug|x64.ActiveCfg = Debug|x64
		{78F4C3F4-CD1D-47EE-82D4-3A81AA701486}.Debug|x64.Build.0 = Debug|x64
		{78F4C3F4-CD1D-47EE-82D4-3A81AA701486}.Debug|x86.ActiveCfg = Debug|Win32
		{78F4C3F4-CD1D-47EE-82D4-3A81AA701486}.Debug|x86.Build.0 = Debug|Win32
		{78F4C3F4-CD1D-47EE-82D4-3A81AA701486}.DebugDLL|x64.ActiveCfg = DebugDLL|x64
		{78F4C3F4-CD1D-47EE-82D4-3A81AA701486}.DebugDLL|x64.Build.0 = DebugDLL|x64
		{78F4C3F4-CD1D-47EE-82D4-3A81AA701486}.DebugDLL|x86.ActiveCfg = DebugDLL|Win32
		{78F4C3F4-CD1D-47EE-82D4-3A81AA701486}.DebugDLL|x86.Build.0 = DebugDLL|Win32
		{78F4C3F4-CD1D-47EE-82D4-3A81AA701486}.DebugDLLWinRT|x64.ActiveCfg = DebugDLL|x64
		{78F4C3F4-CD1D-47EE-82D4-3A81AA701486}.DebugDLLWinRT|x64.Build.0 = DebugDLL|x64
		{78F4C3F4-CD1D-47EE-82D4-3A81AA701486}.DebugDLLWinRT|x86.ActiveCfg = DebugDLL|Win32
		{78F4C3F4-CD1D-47EE-82D4-3A81AA701486}.DebugDLLWinRT|x86.Build.0 = DebugDLL|Win32
		{78F4C3F4-CD1D-47EE-82D4-3A81AA701486}.DebugWinRT|x64.ActiveCfg = Debug|x64
		{78F4C3F4-CD1D-47EE-82D4-3A81AA701486}.DebugWinRT|x64.Build.0 = Debug|x64
		{78F4C3F4-CD1D-47EE-82D4-3A81AA701486}.DebugWinRT|x86.ActiveCfg = Debug|Win32
		{78F4C3F4-CD1D-47EE-82D4-3A81AA701486}.DebugWinRT|x86.Build.0 = Debug|Win32
		{78F4C3F4-CD1D-47EE-82D4-3A81AA701486}.Release|x64.ActiveCfg = Release|x64
		{78F4C3F4-CD1D-47EE-82D4-3A81AA701486}.Release|x64.Build.0 = Release|x64
		{78F4C3F4-CD1D-47EE-82D4-3A81AA701486}.Release|x86.ActiveCfg = Release|Win32
		{78F4C3F4-CD1D-47EE-82D4-3A81AA701486}.Release|x86.Build.0 = Release|Win32
		{78F4C3F4-CD1D-47EE-82D4-3A81AA701486}.ReleaseDLL|x64.ActiveCfg = ReleaseDLL|x64
		{78F4C3F4-CD1D-47EE-82D4-3A81AA701486}.ReleaseDLL|x64.Build.0 = ReleaseDLL|x64
		{78F4C3F4-CD1D-47EE-82D4-3A81AA701486}.ReleaseDLL|x86.ActiveCfg = ReleaseDLL|Win32
		{78F4C3F4-CD1D-47EE-82D4-3A81AA701486}.ReleaseDLL|x86.Build.0 = ReleaseDLL|Win32
		{78F4C3F4-CD1D-47EE-82D4-3A81AA701486}.ReleaseDLLStaticDeps|x64.ActiveCfg = ReleaseDLL|x64
		{78F4C3F4-CD1D-47EE-82D4-3A81AA701486}.ReleaseDLLStaticDeps|x64.Build.0 = ReleaseDLL|x64
		{78F4C3F4-CD1D-47EE-82D4-3A81AA701486}.ReleaseDLLStaticDeps|x86.ActiveCfg = ReleaseDLL|Win32
		{78F4C3F4-CD1D-47EE-82D4-3A81AA701486}.ReleaseDLLStaticDeps|x86.Build.0 = ReleaseDLL|Win32
		{78F4C3F4-CD1D-47EE-82D4-3A81AA701486}.ReleaseDLLWinRT|x64.ActiveCfg = ReleaseDLL|x64
		{78F4C3F4-CD1D-47EE-82D4-3A81AA701486}.ReleaseDLLWinRT|x64.Build.0 = ReleaseDLL|x64
		{78F4C3F4-CD1D-47EE-82D4-3A81AA701486}.ReleaseDLLWinRT|x86.ActiveCfg = ReleaseDLL|Win32
		{78F4C3F4-CD1D-47EE-82D4-3A81AA701486}.ReleaseDLLWinRT|x86.Build.0 = ReleaseDLL|Win32
		{78F4C3F4-CD1D-47EE-82D4-3A81AA701486}.ReleaseDLLWinRTStaticDeps|x64.ActiveCfg = ReleaseDLL|x64
		{78F4C3F4-CD1D-47EE-82D4-3A81AA701486}.ReleaseDLLWinRTStaticDeps|x64.Build.0 = ReleaseDLL|x64
		{78F4C3F4-CD1D-47EE-82D4-3A81AA701486}.ReleaseDLLWinRTStaticDeps|x86.ActiveCfg = ReleaseDLL|Win32
		{78F4C3F4-CD1D-47EE-82D4-3A81AA701486}.ReleaseDLLWinRTStaticDeps|x86.Build.0 = ReleaseDLL|Win32
		{78F4C3F4-CD1D-47EE-82D4-3A81AA701486}.ReleaseWinRT|x64.ActiveCfg = Release|x64
		{78F4C3F4-CD1D-47EE-82D4-3A81AA701486}.ReleaseWinRT|x64.Build.0 = Release|x64
		{78F4C3F4-CD1D-47EE-82D4-3A81AA701486}.ReleaseWinRT|x86.ActiveCfg = Release|Win32
		{78F4C3F4-CD1D-47EE-82D4-3A81AA701486}.ReleaseWinRT|x86.Build.0 = Release|Win32
		{D82A9F8C-D671-4D9B-AE40-13CC6098AE69}.Debug|x64.ActiveCfg = Debug|x64
		{D82A9F8C-D671-4D9B-AE40-13CC6098AE69}.Debug|x64.Build.0 = Debug|x64
		{D82A9F8C-D671-4D9B-AE40-13CC6098AE69}.Debug|x86.ActiveCfg = Debug|Win32
		{D82A9F8C-D671-4D9B-AE40-13CC6098AE69}.Debug|x86.Build.0 = Debug|Win32
		{D82A9F8C-D671-4D9B-AE40-13CC6098AE69}.DebugDLL|x64.ActiveCfg = DebugDLL|x64
		{D82A9F8C-D671-4D9B-AE40-13CC6098AE69}.DebugDLL|x64.Build.0 = DebugDLL|x64
		{D82A9F8C-D671-4D9B-AE40-13CC6098AE69}.DebugDLL|x86.ActiveCfg = DebugDLL|Win32
		{D82A9F8C-D671-4D9B-AE40-13CC6098AE69}.DebugDLL|x86.Build.0 = DebugDLL|Win32
		{D82A9F8C-D671-4D9B-AE40-13CC6098AE69}.DebugDLLWinRT|x64.ActiveCfg = DebugDLL|x64
		{D82A9F8C-D671-4D9B-AE40-13CC6098AE69}.DebugDLLWinRT|x64.Build.0 = DebugDLL|x64
		{D82A9F8C-D671-4D9B-AE40-13CC6098AE69}.DebugDLLWinRT|x86.ActiveCfg = DebugDLL|Win32
		{D82A9F8C-D671-4D9B-AE40-13CC6098AE69}.DebugDLLWinRT|x86.Build.0 = DebugDLL|Win32
		{D82A9F8C-D671-4D9B-AE40-13CC6098AE69}.DebugWinRT|x64.ActiveCfg = Debug|x64
		{D82A9F8C-D671-4D9B-AE40-13CC6098AE69}.DebugWinRT|x64.Build.0 = Debug|x64
		{D82A9F8C-D671-4D9B-AE40-13CC6098AE69}.DebugWinRT|x86.ActiveCfg = Debug|Win32
		{D82A9F8C-D671-4D9B-AE40-13CC6098AE69}.DebugWinRT|x86.Build.0 = Debug|Win32
		{D82A9F8C-D671-4D9B-AE40-13CC6098AE69}.Release|x64.ActiveCfg = Release|x64
		{D82A9F8C-D671-4D9B-AE40-13CC6098AE69}.Release|x64.Build.0 = Release|x64
		{D82A9F8C-D671-4D9B-AE40-13CC6098AE69}.Release|x86.ActiveCfg = Release|Win32
		{D82A9F8C-D671-4D9B-AE40-13CC6098AE69}.Release|x86.Build.0 = Release|Win32
		{D82A9F8C-D671-4D9B-AE40-13CC6098AE69}.ReleaseDLL|x64.ActiveCfg = ReleaseDLL|x64
		{D82A9F8C-D671-4D9B-AE40-13CC6098AE69}.ReleaseDLL|x64.Build.0 = ReleaseDLL|x64
		{D82A9F8C-D671-4D9B-AE40-13CC6098AE69}.ReleaseDLL|x86.ActiveCfg = ReleaseDLL|Win32
		{D82A9F8C-D671-4D9B-AE40-13CC6098AE69}.ReleaseDLL|x86.Build.0 = ReleaseDLL|Win32
		{D82A9F8C-D671-4D9B-AE40-13CC6098AE69}.ReleaseDLLStaticDeps|x64.ActiveCfg = ReleaseDLL|x64
		{D82A9F8C-D671-4D9B-AE40-13CC6098AE69}.ReleaseDLLStaticDeps|x64.Build.0 = ReleaseDLL|x64
		{D82A9F8C-D671-4D9B-AE40-13CC6098AE69}.ReleaseDLLStaticDeps|x86.ActiveCfg = ReleaseDLL|Win32
		{D82A9F8C-D671-4D9B-AE40-13CC6098AE69}.ReleaseDLLStaticDeps|x86.Build.0 = ReleaseDLL|Win32
		{D82A9F8C-D671-4D9B-AE40-13CC6098AE69}.ReleaseDLLWinRT|x64.ActiveCfg = ReleaseDLL|x64
		{D82A9F8C-D671-4D9B-AE40-13CC6098AE69}.ReleaseDLLWinRT|x64.Build.0 = ReleaseDLL|x64
		{D82A9F8C-D671-4D9B-AE40-13CC6098AE69}.ReleaseDLLWinRT|x86.ActiveCfg = ReleaseDLL|Win32
		{D82A9F8C-D671-4D9B-AE40-13CC6098AE69}.ReleaseDLLWinRT|x86.Build.0 = ReleaseDLL|Win32
		{D82A9F8C-D671-4D9B-AE40-13CC6098AE69}.ReleaseDLLWinRTStaticDeps|x64.ActiveCfg = ReleaseDLL|x64
		{D82A9F8C-D671-4D9B-AE40-13CC6098AE69}.ReleaseDLLWinRTStaticDeps|x64.Build.0 = ReleaseDLL|x64
		{D82A9F8C-D671-4D9B-AE40-13CC6098AE69}.ReleaseDLLWinRTStaticDeps|x86.ActiveCfg = ReleaseDLL|Win32
		{D82A9F8C-D671-4D9B-AE40-13CC6098AE69}.ReleaseDLLWinRTStaticDeps|x86.Build.0 = ReleaseDLL|Win32
		{D82A9F8C-D671-4D9B-AE40-13CC6098AE69}.ReleaseWinRT|x64.ActiveCfg = Release|x64
		{D82A9F8C-D671-4D9B-AE40-13CC6098AE69}.ReleaseWinRT|x64.Build.0 = Release|x64
		{D82A9F8C-D671-4D9B-AE40-13CC6098AE69}.ReleaseWinRT|x86.ActiveCfg = Release|Win32
		{D82A9F8C-D671-4D9B-AE40-13CC6098AE69}.ReleaseWinRT|x86.Build.0 = Release|Win32
		{CB8BB76F-D3FF-434E-A85E-7FFC0893EC9B}.Debug|x64.ActiveCfg = Debug|x64
		{CB8BB76F-D3FF-434E-A85E-7FFC0893EC9B}.Debug|x64.Build.0 = Debug|x64
		{CB8BB76F-D3FF-434E-A85E-7FFC0893EC9B}.Debug|x86.ActiveCfg = Debug|Win32
		{CB8BB76F-D3FF-434E-A85E-7FFC0893EC9B}.Debug|x86.Build.0 = Debug|Win32
		{CB8BB76F-D3FF-434E-A85E-7FFC0893EC9B}.DebugDLL|x64.ActiveCfg = DebugDLL|x64
		{CB8BB76F-D3FF-434E-A85E-7FFC0893EC9B}.DebugDLL|x64.Build.0 = DebugDLL|x64
		{CB8BB76F-D3FF-434E-A85E-7FFC0893EC9B}.DebugDLL|x86.ActiveCfg = DebugDLL|Win32
		{CB8BB76F-D3FF-434E-A85E-7FFC0893EC9B}.DebugDLL|x86.Build.0 = DebugDLL|Win32
		{CB8BB76F-D3FF-434E-A85E-7FFC0893EC9B}.DebugDLLWinRT|x64.ActiveCfg = DebugDLL|x64
		{CB8BB76F-D3FF-434E-A85E-7FFC0893EC9B}.DebugDLLWinRT|x64.Build.0 = DebugDLL|x64
		{CB8BB76F-D3FF-434E-A85E-7FFC0893EC9B}.DebugDLLWinRT|x86.ActiveCfg = DebugDLL|Win32
		{CB8BB76F-D3FF-434E-A85E-7FFC0893EC9B}.DebugDLLWinRT|x86.Build.0 = DebugDLL|Win32
		{CB8BB76F-D3FF-434E-A85E-7FFC0893EC9B}.DebugWinRT|x64.ActiveCfg = Debug|x64
		{CB8BB76F-D3FF-434E-A85E-7FFC0893EC9B}.DebugWinRT|x64.Build.0 = Debug|x64
		{CB8BB76F-D3FF-434E-A85E-7FFC0893EC9B}.DebugWinRT|x86.ActiveCfg = Debug|Win32
		{CB8BB76F-D3FF-434E-A85E-7FFC0893EC9B}.DebugWinRT|x86.Build.0 = Debug|Win32
		{CB8BB76F-D3FF-434E-A85E-7FFC0893EC9B}.Release|x64.ActiveCfg = Release|x64
		{CB8BB76F-D3FF-434E-A85E-7FFC0893EC9B}.Release|x64.Build.0 = Release|x64
		{CB8BB76F-D3FF-434E-A85E-7FFC0893EC9B}.Release|x86.ActiveCfg = Release|Win32
		{CB8BB76F-D3FF-434E-A85E-7FFC0893EC9B}.Release|x86.Build.0 = Release|Win32
		{CB8BB76F-D3FF-434E-A85E-7FFC0893EC9B}.ReleaseDLL|x64.ActiveCfg = ReleaseDLL|x64
		{CB8BB76F-D3FF-434E-A85E-7FFC0893EC9B}.ReleaseDLL|x64.Build.0 = ReleaseDLL|x64
		{CB8BB76F-D3FF-434E-A85E-7FFC0893EC9B}.ReleaseDLL|x86.ActiveCfg = ReleaseDLL|Win32
		{CB8BB76F-D3FF-434E-A85E-7FFC0893EC9B}.ReleaseDLL|x86.Build.0 = ReleaseDLL|Win32
		{CB8BB76F-D3FF-434E-A85E-7FFC0893EC9B}.ReleaseDLLStaticDeps|x64.ActiveCfg = ReleaseDLL|x64
		{CB8BB76F-D3FF-434E-A85E-7FFC0893EC9B}.ReleaseDLLStaticDeps|x64.Build.0 = ReleaseDLL|x64
		{CB8BB76F-D3FF-434E-A85E-7FFC0893EC9B}.ReleaseDLLStaticDeps|x86.ActiveCfg = ReleaseDLL|Win32
		{CB8BB76F-D3FF-434E-A85E-7FFC0893EC9B}.ReleaseDLLStaticDeps|x86.Build.0 = ReleaseDLL|Win32
		{CB8BB76F-D3FF-434E-A85E-7FFC0893EC9B}.ReleaseDLLWinRT|x64.ActiveCfg = ReleaseDLL|x64
		{CB8BB76F-D3FF-434E-A85E-7FFC0893EC9B}.ReleaseDLLWinRT|x64.Build.0 = ReleaseDLL|x64
		{CB8BB76F-D3FF-434E-A85E-7FFC0893EC9B}.ReleaseDLLWinRT|x86.ActiveCfg = ReleaseDLL|Win32
		{CB8BB76F-D3FF-434E-A85E-7FFC0893EC9B}.ReleaseDLLWinRT|x86.Build.0 = ReleaseDLL|Win32
		{CB8BB76F-D3FF-434E-A85E-7FFC0893EC9B}.ReleaseDLLWinRTStaticDeps|x64.ActiveCfg = ReleaseDLL|x64
		{CB8BB76F-D3FF-434E-A85E-7FFC0893EC9B}.ReleaseDLLWinRTStaticDeps|x64.Build.0 = ReleaseDLL|x64
		{CB8BB76F-D3FF-434E-A85E-7FFC0893EC9B}.ReleaseDLLWinRTStaticDeps|x86.ActiveCfg = ReleaseDLL|Win32
		{CB8BB76F-D3FF-434E-A85E-7FFC0893EC9B}.ReleaseDLLWinRTStaticDeps|x86.Build.0 = ReleaseDLL|Win32
		{CB8BB76F-D3FF-434E-A85E-7FFC0893EC9B}.ReleaseWinRT|x64.ActiveCfg = Release|x64
		{CB8BB76F-D3FF-434E-A85E-7FFC0893EC9B}.ReleaseWinRT|x64.Build.0 = Release|x64
		{CB8BB76F-D3FF-434E-A85E-7FFC0893EC9B}.ReleaseWinRT|x86.ActiveCfg = Release|Win32
		{CB8BB76F-D3FF-434E-A85E-7FFC0893EC9B}.ReleaseWinRT|x86.Build.0 = Release|Win32
		{85763F39-23DF-4C04-B7DF-7FBE3E7CF336}.Debug|x64.ActiveCfg = Debug|x64
		{85763F39-23DF-4C04-B7DF-7FBE3E7CF336}.Debug|x64.Build.0 = Debug|x64
		{85763F39-23DF-4C04-B7DF-7FBE3E7CF336}.Debug|x86.ActiveCfg = Debug|Win32
		{85763F39-23DF-4C04-B7DF-7FBE3E7CF336}.Debug|x86.Build.0 = Debug|Win32
		{85763F39-23DF-4C04-B7DF-7FBE3E7CF336}.DebugDLL|x64.ActiveCfg = DebugDLL|x64
		{85763F39-23DF-4C04-B7DF-7FBE3E7CF336}.DebugDLL|x64.Build.0 = DebugDLL|x64
		{85763F39-23DF-4C04-B7DF-7FBE3E7CF336}.DebugDLL|x86.ActiveCfg = DebugDLL|Win32
		{85763F39-23DF-4C04-B7DF-7FBE3E7CF336}.DebugDLL|x86.Build.0 = DebugDLL|Win32
		{85763F39-23DF-4C04-B7DF-7FBE3E7CF336}.DebugDLLWinRT|x64.ActiveCfg = DebugDLL|x64
		{85763F39-23DF-4C04-B7DF-7FBE3E7CF336}.DebugDLLWinRT|x64.Build.0 = DebugDLL|x64
		{85763F39-23DF-4C04-B7DF-7FBE3E7CF336}.DebugDLLWinRT|x86.ActiveCfg = DebugDLL|Win32
		{85763F39-23DF-4C04-B7DF-7FBE3E7CF336}.DebugDLLWinRT|x86.Build.0 = DebugDLL|Win32
		{85763F39-23DF-4C04-B7DF-7FBE3E7CF336}.DebugWinRT|x64.ActiveCfg = Debug|x64
		{85763F39-23DF-4C04-B7DF-7FBE3E7CF336}.DebugWinRT|x64.Build.0 = Debug|x64
		{85763F39-23DF-4C04-B7DF-7FBE3E7CF336}.DebugWinRT|x86.ActiveCfg = Debug|Win32
		{85763F39-23DF-4C04-B7DF-7FBE3E7CF336}.DebugWinRT|x86.Build.0 = Debug|Win32
		{85763F39-23DF-4C04-B7DF-7FBE3E7CF336}.Release|x64.ActiveCfg = Release|x64
		{85763F39-23DF-4C04-B7DF-7FBE3E7CF336}.Release|x64.Build.0 = Release|x64
		{85763F39-23DF-4C04-B7DF-7FBE3E7CF336}.Release|x86.ActiveCfg = Release|Win32
		{85763F39-23DF-4C04-B7DF-7FBE3E7CF336}.Release|x86.Build.0 = Release|Win32
		{85763F39-23DF-4C04-B7DF-7FBE3E7CF336}.ReleaseDLL|x64.ActiveCfg = ReleaseDLL|x64
		{85763F39-23DF-4C04-B7DF-7FBE3E7CF336}.ReleaseDLL|x64.Build.0 = ReleaseDLL|x64
		{85763F39-23DF-4C04-B7DF-7FBE3E7CF336}.ReleaseDLL|x86.ActiveCfg = ReleaseDLL|Win32
		{85763F39-23DF-4C04-B7DF-7FBE3E7CF336}.ReleaseDLL|x86.Build.0 = ReleaseDLL|Win32
		{85763F39-23DF-4C04-B7DF-7FBE3E7CF336}.ReleaseDLLStaticDeps|x64.ActiveCfg = ReleaseDLL|x64
		{85763F39-23DF-4C04-B7DF-7FBE3E7CF336}.ReleaseDLLStaticDeps|x64.Build.0 = ReleaseDLL|x64
		{85763F39-23DF-4C04-B7DF-7FBE3E7CF336}.ReleaseDLLStaticDeps|x86.ActiveCfg = ReleaseDLL|Win32
		{85763F39-23DF-4C04-B7DF-7FBE3E7CF336}.ReleaseDLLStaticDeps|x86.Build.0 = ReleaseDLL|Win32
		{85763F39-23DF-4C04-B7DF-7FBE3E7CF336}.ReleaseDLLWinRT|x64.ActiveCfg = ReleaseDLL|x64
		{85763F39-23DF-4C04-B7DF-7FBE3E7CF336}.ReleaseDLLWinRT|x64.Build.0 = ReleaseDLL|x64
		{85763F39-23DF-4C04-B7DF-7FBE3E7CF336}.ReleaseDLLWinRT|x86.ActiveCfg = ReleaseDLL|Win32
		{85763F39-23DF-4C04-B7DF-7FBE3E7CF336}.ReleaseDLLWinRT|x86.Build.0 = ReleaseDLL|Win32
		{85763F39-23DF-4C04-B7DF-7FBE3E7CF336}.ReleaseDLLWinRTStaticDeps|x64.ActiveCfg = ReleaseDLL|x64
		{85763F39-23DF-4C04-B7DF-7FBE3E7CF336}.ReleaseDLLWinRTStaticDeps|x64.Build.0 = ReleaseDLL|x64
		{85763F39-23DF-4C04-B7DF-7FBE3E7CF336}.ReleaseDLLWinRTStaticDeps|x86.ActiveCfg = ReleaseDLL|Win32
		{85763F39-23DF-4C04-B7DF-7FBE3E7CF336}.ReleaseDLLWinRTStaticDeps|x86.Build.0 = ReleaseDLL|Win32
		{85763F39-23DF-4C04-B7DF-7FBE3E7CF336}.ReleaseWinRT|x64.ActiveCfg = Release|x64
		{85763F39-23DF-4C04-B7DF-7FBE3E7CF336}.ReleaseWinRT|x64.Build.0 = Release|x64
		{85763F39-23DF-4C04-B7DF-7FBE3E7CF336}.ReleaseWinRT|x86.ActiveCfg = Release|Win32
		{85763F39-23DF-4C04-B7DF-7FBE3E7CF336}.ReleaseWinRT|x86.Build.0 = Release|Win32
		{CA9A4A38-CC63-4BDB-8CFB-E058965DDA32}.Debug|x64.ActiveCfg = Debug|x64
		{CA9A4A38-CC63-4BDB-8CFB-E058965DDA32}.Debug|x64.Build.0 = Debug|x64
		{CA9A4A38-CC63-4BDB-8CFB-E058965DDA32}.Debug|x86.ActiveCfg = Debug|Win32
		{CA9A4A38-CC63-4BDB-8CFB-E058965DDA32}.Debug|x86.Build.0 = Debug|Win32
		{CA9A4A38-CC63-4BDB-8CFB-E058965DDA32}.DebugDLL|x64.ActiveCfg = DebugDLL|x64
		{CA9A4A38-CC63-4BDB-8CFB-E058965DDA32}.DebugDLL|x64.Build.0 = DebugDLL|x64
		{CA9A4A38-CC63-4BDB-8CFB-E058965DDA32}.DebugDLL|x86.ActiveCfg = DebugDLL|Win32
		{CA9A4A38-CC63-4BDB-8CFB-E058965DDA32}.DebugDLL|x86.Build.0 = DebugDLL|Win32
		{CA9A4A38-CC63-4BDB-8CFB-E058965DDA32}.DebugDLLWinRT|x64.ActiveCfg = DebugDLL|x64
		{CA9A4A38-CC63-4BDB-8CFB-E058965DDA32}.DebugDLLWinRT|x64.Build.0 = DebugDLL|x64
		{CA9A4A38-CC63-4BDB-8CFB-E058965DDA32}.DebugDLLWinRT|x86.ActiveCfg = DebugDLL|Win32
		{CA9A4A38-CC63-4BDB-8CFB-E058965DDA32}.DebugDLLWinRT|x86.Build.0 = DebugDLL|Win32
		{CA9A4A38-CC63-4BDB-8CFB-E058965DDA32}.DebugWinRT|x64.ActiveCfg = Debug|x64
		{CA9A4A38-CC63-4BDB-8CFB-E058965DDA32}.DebugWinRT|x64.Build.0 = Debug|x64
		{CA9A4A38-CC63-4BDB-8CFB-E058965DDA32}.DebugWinRT|x86.ActiveCfg = Debug|Win32
		{CA9A4A38-CC63-4BDB-8CFB-E058965DDA32}.DebugWinRT|x86.Build.0 = Debug|Win32
		{CA9A4A38-CC63-4BDB-8CFB-E058965DDA32}.Release|x64.ActiveCfg = Release|x64
		{CA9A4A38-CC63-4BDB-8CFB-E058965DDA32}.Release|x64.Build.0 = Release|x64
		{CA9A4A38-CC63-4BDB-8CFB-E058965DDA32}.Release|x86.ActiveCfg = Release|Win32
		{CA9A4A38-CC63-4BDB-8CFB-E058965DDA32}.Release|x86.Build.0 = Release|Win32
		{CA9A4A38-CC63-4BDB-8CFB-E058965DDA32}.ReleaseDLL|x64.ActiveCfg = ReleaseDLL|x64
		{CA9A4A38-CC63-4BDB-8CFB-E058965DDA32}.ReleaseDLL|x64.Build.0 = ReleaseDLL|x64
		{CA9A4A38-CC63-4BDB-8CFB-E058965DDA32}.ReleaseDLL|x86.ActiveCfg = ReleaseDLL|Win32
		{CA9A4A38-CC63-4BDB-8CFB-E058965DDA32}.ReleaseDLL|x86.Build.0 = ReleaseDLL|Win32
		{CA9A4A38-CC63-4BDB-8CFB-E058965DDA32}.ReleaseDLLStaticDeps|x64.ActiveCfg = ReleaseDLL|x64
		{CA9A4A38-CC63-4BDB-8CFB-E058965DDA32}.ReleaseDLLStaticDeps|x64.Build.0 = ReleaseDLL|x64
		{CA9A4A38-CC63-4BDB-8CFB-E058965DDA32}.ReleaseDLLStaticDeps|x86.ActiveCfg = ReleaseDLL|Win32
		{CA9A4A38-CC63-4BDB-8CFB-E058965DDA32}.ReleaseDLLStaticDeps|x86.Build.0 = ReleaseDLL|Win32
		{CA9A4A38-CC63-4BDB-8CFB-E058965DDA32}.ReleaseDLLWinRT|x64.ActiveCfg = ReleaseDLL|x64
		{CA9A4A38-CC63-4BDB-8CFB-E058965DDA32}.ReleaseDLLWinRT|x64.Build.0 = ReleaseDLL|x64
		{CA9A4A38-CC63-4BDB-8CFB-E058965DDA32}.ReleaseDLLWinRT|x86.ActiveCfg = ReleaseDLL|Win32
		{CA9A4A38-CC63-4BDB-8CFB-E058965DDA32}.ReleaseDLLWinRT|x86.Build.0 = ReleaseDLL|Win32
		{CA9A4A38-CC63-4BDB-8CFB-E058965DDA32}.ReleaseDLLWinRTStaticDeps|x64.ActiveCfg = ReleaseDLL|x64
		{CA9A4A38-CC63-4BDB-8CFB-E058965DDA32}.ReleaseDLLWinRTStaticDeps|x64.Build.0 = ReleaseDLL|x64
		{CA9A4A38-CC63-4BDB-8CFB-E058965DDA32}.ReleaseDLLWinRTStaticDeps|x86.ActiveCfg = ReleaseDLL|Win32
		{CA9A4A38-CC63-4BDB-8CFB-E058965DDA32}.ReleaseDLLWinRTStaticDeps|x86.Build.0 = ReleaseDLL|Win32
		{CA9A4A38-CC63-4BDB-8CFB-E058965DDA32}.ReleaseWinRT|x64.ActiveCfg = Release|x64
		{CA9A4A38-CC63-4BDB-8CFB-E058965DDA32}.ReleaseWinRT|x64.Build.0 = Release|x64
		{CA9A4A38-CC63-4BDB-8CFB-E058965DDA32}.ReleaseWinRT|x86.ActiveCfg = Release|Win32
		{CA9A4A38-CC63-4BDB-8CFB-E058965DDA32}.ReleaseWinRT|x86.Build.0 = Release|Win32
		{B67554E5-6253-4C94-8BCD-B8F87479970B}.Debug|x64.ActiveCfg = Debug|x64
		{B67554E5-6253-4C94-8BCD-B8F87479970B}.Debug|x64.Build.0 = Debug|x64
		{B67554E5-6253-4C94-8BCD-B8F87479970B}.Debug|x86.ActiveCfg = Debug|Win32
		{B67554E5-6253-4C94-8BCD-B8F87479970B}.Debug|x86.Build.0 = Debug|Win32
		{B67554E5-6253-4C94-8BCD-B8F87479970B}.DebugDLL|x64.ActiveCfg = DebugDLL|x64
		{B67554E5-6253-4C94-8BCD-B8F87479970B}.DebugDLL|x64.Build.0 = DebugDLL|x64
		{B67554E5-6253-4C94-8BCD-B8F87479970B}.DebugDLL|x86.ActiveCfg = DebugDLL|Win32
		{B67554E5-6253-4C94-8BCD-B8F87479970B}.DebugDLL|x86.Build.0 = DebugDLL|Win32
		{B67554E5-6253-4C94-8BCD-B8F87479970B}.DebugDLLWinRT|x64.ActiveCfg = DebugDLL|x64
		{B67554E5-6253-4C94-8BCD-B8F87479970B}.DebugDLLWinRT|x64.Build.0 = DebugDLL|x64
		{B67554E5-6253-4C94-8BCD-B8F87479970B}.DebugDLLWinRT|x86.ActiveCfg = DebugDLL|Win32
		{B67554E5-6253-4C94-8BCD-B8F87479970B}.DebugDLLWinRT|x86.Build.0 = DebugDLL|Win32
		{B67554E5-6253-4C94-8BCD-B8F87479970B}.DebugWinRT|x64.ActiveCfg = Debug|x64
		{B67554E5-6253-4C94-8BCD-B8F87479970B}.DebugWinRT|x64.Build.0 = Debug|x64
		{B67554E5-6253-4C94-8BCD-B8F87479970B}.DebugWinRT|x86.ActiveCfg = Debug|Win32
		{B67554E5-6253-4C94-8BCD-B8F87479970B}.DebugWinRT|x86.Build.0 = Debug|Win32
		{B67554E5-6253-4C94-8BCD-B8F87479970B}.Release|x64.ActiveCfg = Release|x64
		{B67554E5-6253-4C94-8BCD-B8F87479970B}.Release|x64.Build.0 = Release|x64
		{B67554E5-6253-4C94-8BCD-B8F87479970B}.Release|x86.ActiveCfg = Release|Win32
		{B67554E5-6253-4C94-8BCD-B8F87479970B}.Release|x86.Build.0 = Release|Win32
		{B67554E5-6253-4C94-8BCD-B8F87479970B}.ReleaseDLL|x64.ActiveCfg = ReleaseDLL|x64
		{B67554E5-6253-4C94-8BCD-B8F87479970B}.ReleaseDLL|x64.Build.0 = ReleaseDLL|x64
		{B67554E5-6253-4C94-8BCD-B8F87479970B}.ReleaseDLL|x86.ActiveCfg = ReleaseDLL|Win32
		{B67554E5-6253-4C94-8BCD-B8F87479970B}.ReleaseDLL|x86.Build.0 = ReleaseDLL|Win32
		{B67554E5-6253-4C94-8BCD-B8F87479970B}.ReleaseDLLStaticDeps|x64.ActiveCfg = ReleaseDLLStaticDeps|x64
		{B67554E5-6253-4C94-8BCD-B8F87479970B}.ReleaseDLLStaticDeps|x64.Build.0 = ReleaseDLLStaticDeps|x64
		{B67554E5-6253-4C94-8BCD-B8F87479970B}.ReleaseDLLStaticDeps|x86.ActiveCfg = ReleaseDLLStaticDeps|Win32
		{B67554E5-6253-4C94-8BCD-B8F87479970B}.ReleaseDLLStaticDeps|x86.Build.0 = ReleaseDLLStaticDeps|Win32
		{B67554E5-6253-4C94-8BCD-B8F87479970B}.ReleaseDLLWinRT|x64.ActiveCfg = ReleaseDLL|x64
		{B67554E5-6253-4C94-8BCD-B8F87479970B}.ReleaseDLLWinRT|x64.Build.0 = ReleaseDLL|x64
		{B67554E5-6253-4C94-8BCD-B8F87479970B}.ReleaseDLLWinRT|x86.ActiveCfg = ReleaseDLL|Win32
		{B67554E5-6253-4C94-8BCD-B8F87479970B}.ReleaseDLLWinRT|x86.Build.0 = ReleaseDLL|Win32
		{B67554E5-6253-4C94-8BCD-B8F87479970B}.ReleaseDLLWinRTStaticDeps|x64.ActiveCfg = ReleaseDLL|x64
		{B67554E5-6253-4C94-8BCD-B8F87479970B}.ReleaseDLLWinRTStaticDeps|x64.Build.0 = ReleaseDLL|x64
		{B67554E5-6253-4C94-8BCD-B8F87479970B}.ReleaseDLLWinRTStaticDeps|x86.ActiveCfg = ReleaseDLL|Win32
		{B67554E5-6253-4C94-8BCD-B8F87479970B}.ReleaseDLLWinRTStaticDeps|x86.Build.0 = ReleaseDLL|Win32
		{B67554E5-6253-4C94-8BCD-B8F87479970B}.ReleaseWinRT|x64.ActiveCfg = Release|x64
		{B67554E5-6253-4C94-8BCD-B8F87479970B}.ReleaseWinRT|x64.Build.0 = Release|x64
		{B67554E5-6253-4C94-8BCD-B8F87479970B}.ReleaseWinRT|x86.ActiveCfg = Release|Win32
		{B67554E5-6253-4C94-8BCD-B8F87479970B}.ReleaseWinRT|x86.Build.0 = Release|Win32
		{E62DC439-DE3B-4F2F-84DF-B34E51FA1969}.Debug|x64.ActiveCfg = Debug|x64
		{E62DC439-DE3B-4F2F-84DF-B34E51FA1969}.Debug|x64.Build.0 = Debug|x64
		{E62DC439-DE3B-4F2F-84DF-B34E51FA1969}.Debug|x86.ActiveCfg = Debug|Win32
		{E62DC439-DE3B-4F2F-84DF-B34E51FA1969}.Debug|x86.Build.0 = Debug|Win32
		{E62DC439-DE3B-4F2F-84DF-B34E51FA1969}.DebugDLL|x64.ActiveCfg = DebugDLL|x64
		{E62DC439-DE3B-4F2F-84DF-B34E51FA1969}.DebugDLL|x64.Build.0 = DebugDLL|x64
		{E62DC439-DE3B-4F2F-84DF-B34E51FA1969}.DebugDLL|x86.ActiveCfg = DebugDLL|Win32
		{E62DC439-DE3B-4F2F-84DF-B34E51FA1969}.DebugDLL|x86.Build.0 = DebugDLL|Win32
		{E62DC439-DE3B-4F2F-84DF-B34E51FA1969}.DebugDLLWinRT|x64.ActiveCfg = DebugDLL|x64
		{E62DC439-DE3B-4F2F-84DF-B34E51FA1969}.DebugDLLWinRT|x64.Build.0 = DebugDLL|x64
		{E62DC439-DE3B-4F2F-84DF-B34E51FA1969}.DebugDLLWinRT|x86.ActiveCfg = DebugDLL|Win32
		{E62DC439-DE3B-4F2F-84DF-B34E51FA1969}.DebugDLLWinRT|x86.Build.0 = DebugDLL|Win32
		{E62DC439-DE3B-4F2F-84DF-B34E51FA1969}.DebugWinRT|x64.ActiveCfg = Debug|x64
		{E62DC439-DE3B-4F2F-84DF-B34E51FA1969}.DebugWinRT|x64.Build.0 = Debug|x64
		{E62DC439-DE3B-4F2F-84DF-B34E51FA1969}.DebugWinRT|x86.ActiveCfg = Debug|Win32
		{E62DC439-DE3B-4F2F-84DF-B34E51FA1969}.DebugWinRT|x86.Build.0 = Debug|Win32
		{E62DC439-DE3B-4F2F-84DF-B34E51FA1969}.Release|x64.ActiveCfg = Release|x64
		{E62DC439-DE3B-4F2F-84DF-B34E51FA1969}.Release|x64.Build.0 = Release|x64
		{E62DC439-DE3B-4F2F-84DF-B34E51FA1969}.Release|x86.ActiveCfg = Release|Win32
		{E62DC439-DE3B-4F2F-84DF-B34E51FA1969}.Release|x86.Build.0 = Release|Win32
		{E62DC439-DE3B-4F2F-84DF-B34E51FA1969}.ReleaseDLL|x64.ActiveCfg = ReleaseDLL|x64
		{E62DC439-DE3B-4F2F-84DF-B34E51FA1969}.ReleaseDLL|x64.Build.0 = ReleaseDLL|x64
		{E62DC439-DE3B-4F2F-84DF-B34E51FA1969}.ReleaseDLL|x86.ActiveCfg = ReleaseDLL|Win32
		{E62DC439-DE3B-4F2F-84DF-B34E51FA1969}.ReleaseDLL|x86.Build.0 = ReleaseDLL|Win32
		{E62DC439-DE3B-4F2F-84DF-B34E51FA1969}.ReleaseDLLStaticDeps|x64.ActiveCfg = ReleaseDLL|x64
		{E62DC439-DE3B-4F2F-84DF-B34E51FA1969}.ReleaseDLLStaticDeps|x64.Build.0 = ReleaseDLL|x64
		{E62DC439-DE3B-4F2F-84DF-B34E51FA1969}.ReleaseDLLStaticDeps|x86.ActiveCfg = ReleaseDLL|Win32
		{E62DC439-DE3B-4F2F-84DF-B34E51FA1969}.ReleaseDLLStaticDeps|x86.Build.0 = ReleaseDLL|Win32
		{E62DC439-DE3B-4F2F-84DF-B34E51FA1969}.ReleaseDLLWinRT|x64.ActiveCfg = ReleaseDLL|x64
		{E62DC439-DE3B-4F2F-84DF-B34E51FA1969}.ReleaseDLLWinRT|x64.Build.0 = ReleaseDLL|x64
		{E62DC439-DE3B-4F2F-84DF-B34E51FA1969}.ReleaseDLLWinRT|x86.ActiveCfg = ReleaseDLL|Win32
		{E62DC439-DE3B-4F2F-84DF-B34E51FA1969}.ReleaseDLLWinRT|x86.Build.0 = ReleaseDLL|Win32
		{E62DC439-DE3B-4F2F-84DF-B34E51FA1969}.ReleaseDLLWinRTStaticDeps|x64.ActiveCfg = ReleaseDLL|x64
		{E62DC439-DE3B-4F2F-84DF-B34E51FA1969}.ReleaseDLLWinRTStaticDeps|x64.Build.0 = ReleaseDLL|x64
		{E62DC439-DE3B-4F2F-84DF-B34E51FA1969}.ReleaseDLLWinRTStaticDeps|x86.ActiveCfg = ReleaseDLL|Win32
		{E62DC439-DE3B-4F2F-84DF-B34E51FA1969}.ReleaseDLLWinRTStaticDeps|x86.Build.0 = ReleaseDLL|Win32
		{E62DC439-DE3B-4F2F-84DF-B34E51FA1969}.ReleaseWinRT|x64.ActiveCfg = Release|x64
		{E62DC439-DE3B-4F2F-84DF-B34E51FA1969}.ReleaseWinRT|x64.Build.0 = Release|x64
		{E62DC439-DE3B-4F2F-84DF-B34E51FA1969}.ReleaseWinRT|x86.ActiveCfg = Release|Win32
		{E62DC439-DE3B-4F2F-84DF-B34E51FA1969}.ReleaseWinRT|x86.Build.0 = Release|Win32
		{CFE70273-7A79-4815-AF95-1E02E2675E37}.Debug|x64.ActiveCfg = Debug|x64
		{CFE70273-7A79-4815-AF95-1E02E2675E37}.Debug|x64.Build.0 = Debug|x64
		{CFE70273-7A79-4815-AF95-1E02E2675E37}.Debug|x86.ActiveCfg = Debug|Win32
		{CFE70273-7A79-4815-AF95-1E02E2675E37}.Debug|x86.Build.0 = Debug|Win32
		{CFE70273-7A79-4815-AF95-1E02E2675E37}.DebugDLL|x64.ActiveCfg = DebugDLL|x64
		{CFE70273-7A79-4815-AF95-1E02E2675E37}.DebugDLL|x64.Build.0 = DebugDLL|x64
		{CFE70273-7A79-4815-AF95-1E02E2675E37}.DebugDLL|x86.ActiveCfg = DebugDLL|Win32
		{CFE70273-7A79-4815-AF95-1E02E2675E37}.DebugDLL|x86.Build.0 = DebugDLL|Win32
		{CFE70273-7A79-4815-AF95-1E02E2675E37}.DebugDLLWinRT|x64.ActiveCfg = DebugDLL|x64
		{CFE70273-7A79-4815-AF95-1E02E2675E37}.DebugDLLWinRT|x64.Build.0 = DebugDLL|x64
		{CFE70273-7A79-4815-AF95-1E02E2675E37}.DebugDLLWinRT|x86.ActiveCfg = DebugDLL|Win32
		{CFE70273-7A79-4815-AF95-1E02E2675E37}.DebugDLLWinRT|x86.Build.0 = DebugDLL|Win32
		{CFE70273-7A79-4815-AF95-1E02E2675E37}.DebugWinRT|x64.ActiveCfg = Debug|x64
		{CFE70273-7A79-4815-AF95-1E02E2675E37}.DebugWinRT|x64.Build.0 = Debug|x64
		{CFE70273-7A79-4815-AF95-1E02E2675E37}.DebugWinRT|x86.ActiveCfg = Debug|Win32
		{CFE70273-7A79-4815-AF95-1E02E2675E37}.DebugWinRT|x86.Build.0 = Debug|Win32
		{CFE70273-7A79-4815-AF95-1E02E2675E37}.Release|x64.ActiveCfg = Release|x64
		{CFE70273-7A79-4815-AF95-1E02E2675E37}.Release|x64.Build.0 = Release|x64
		{CFE70273-7A79-4815-AF95-1E02E2675E37}.Release|x86.ActiveCfg = Release|Win32
		{CFE70273-7A79-4815-AF95-1E02E2675E37}.Release|x86.Build.0 = Release|Win32
		{CFE70273-7A79-4815-AF95-1E02E2675E37}.ReleaseDLL|x64.ActiveCfg = ReleaseDLL|x64
		{CFE70273-7A79-4815-AF95-1E02E2675E37}.ReleaseDLL|x64.Build.0 = ReleaseDLL|x64
		{CFE70273-7A79-4815-AF95-1E02E2675E37}.ReleaseDLL|x86.ActiveCfg = ReleaseDLL|Win32
		{CFE70273-7A79-4815-AF95-1E02E2675E37}.ReleaseDLL|x86.Build.0 = ReleaseDLL|Win32
		{CFE70273-7A79-4815-AF95-1E02E2675E37}.ReleaseDLLStaticDeps|x64.ActiveCfg = ReleaseDLLStaticDeps|x64
		{CFE70273-7A79-4815-AF95-1E02E2675E37}.ReleaseDLLStaticDeps|x64.Build.0 = ReleaseDLLStaticDeps|x64
		{CFE70273-7A79-4815-AF95-1E02E2675E37}.ReleaseDLLStaticDeps|x86.ActiveCfg = ReleaseDLLStaticDeps|Win32
		{CFE70273-7A79-4815-AF95-1E02E2675E37}.ReleaseDLLStaticDeps|x86.Build.0 = ReleaseDLLStaticDeps|Win32
		{CFE70273-7A79-4815-AF95-1E02E2675E37}.ReleaseDLLWinRT|x64.ActiveCfg = ReleaseDLL|x64
		{CFE70273-7A79-4815-AF95-1E02E2675E37}.ReleaseDLLWinRT|x64.Build.0 = ReleaseDLL|x64
		{CFE70273-7A79-4815-AF95-1E02E2675E37}.ReleaseDLLWinRT|x86.ActiveCfg = ReleaseDLL|Win32
		{CFE70273-7A79-4815-AF95-1E02E2675E37}.ReleaseDLLWinRT|x86.Build.0 = ReleaseDLL|Win32
		{CFE70273-7A79-4815-AF95-1E02E2675E37}.ReleaseDLLWinRTStaticDeps|x64.ActiveCfg = ReleaseDLL|x64
		{CFE70273-7A79-4815-AF95-1E02E2675E37}.ReleaseDLLWinRTStaticDeps|x64.Build.0 = ReleaseDLL|x64
		{CFE70273-7A79-4815-AF95-1E02E2675E37}.ReleaseDLLWinRTStaticDeps|x86.ActiveCfg = ReleaseDLL|Win32
		{CFE70273-7A79-4815-AF95-1E02E2675E37}.ReleaseDLLWinRTStaticDeps|x86.Build.0 = ReleaseDLL|Win32
		{CFE70273-7A79-4815-AF95-1E02E2675E37}.ReleaseWinRT|x64.ActiveCfg = Release|x64
		{CFE70273-7A79-4815-AF95-1E02E2675E37}.ReleaseWinRT|x64.Build.0 = Release|x64
		{CFE70273-7A79-4815-AF95-1E02E2675E37}.ReleaseWinRT|x86.ActiveCfg = Release|Win32
		{CFE70273-7A79-4815-AF95-1E02E2675E37}.ReleaseWinRT|x86.Build.0 = Release|Win32
		{DBF1E8F7-5B7D-4CBF-842A-B7E0C02520DC}.Debug|x64.ActiveCfg = Debug|x64
		{DBF1E8F7-5B7D-4CBF-842A-B7E0C02520DC}.Debug|x64.Build.0 = Debug|x64
		{DBF1E8F7-5B7D-4CBF-842A-B7E0C02520DC}.Debug|x86.ActiveCfg = Debug|Win32
		{DBF1E8F7-5B7D-4CBF-842A-B7E0C02520DC}.Debug|x86.Build.0 = Debug|Win32
		{DBF1E8F7-5B7D-4CBF-842A-B7E0C02520DC}.DebugDLL|x64.ActiveCfg = DebugDLL|x64
		{DBF1E8F7-5B7D-4CBF-842A-B7E0C02520DC}.DebugDLL|x64.Build.0 = DebugDLL|x64
		{DBF1E8F7-5B7D-4CBF-842A-B7E0C02520DC}.DebugDLL|x86.ActiveCfg = DebugDLL|Win32
		{DBF1E8F7-5B7D-4CBF-842A-B7E0C02520DC}.DebugDLL|x86.Build.0 = DebugDLL|Win32
		{DBF1E8F7-5B7D-4CBF-842A-B7E0C02520DC}.DebugDLLWinRT|x64.ActiveCfg = DebugDLL|x64
		{DBF1E8F7-5B7D-4CBF-842A-B7E0C02520DC}.DebugDLLWinRT|x64.Build.0 = DebugDLL|x64
		{DBF1E8F7-5B7D-4CBF-842A-B7E0C02520DC}.DebugDLLWinRT|x86.ActiveCfg = DebugDLL|Win32
		{DBF1E8F7-5B7D-4CBF-842A-B7E0C02520DC}.DebugDLLWinRT|x86.Build.0 = DebugDLL|Win32
		{DBF1E8F7-5B7D-4CBF-842A-B7E0C02520DC}.DebugWinRT|x64.ActiveCfg = Debug|x64
		{DBF1E8F7-5B7D-4CBF-842A-B7E0C02520DC}.DebugWinRT|x64.Build.0 = Debug|x64
		{DBF1E8F7-5B7D-4CBF-842A-B7E0C02520DC}.DebugWinRT|x86.ActiveCfg = Debug|Win32
		{DBF1E8F7-5B7D-4CBF-842A-B7E0C02520DC}.DebugWinRT|x86.Build.0 = Debug|Win32
		{DBF1E8F7-5B7D-4CBF-842A-B7E0C02520DC}.Release|x64.ActiveCfg = Release|x64
		{DBF1E8F7-5B7D-4CBF-842A-B7E0C02520DC}.Release|x64.Build.0 = Release|x64
		{DBF1E8F7-5B7D-4CBF-842A-B7E0C02520DC}.Release|x86.ActiveCfg = Release|Win32
		{DBF1E8F7-5B7D-4CBF-842A-B7E0C02520DC}.Release|x86.Build.0 = Release|Win32
		{DBF1E8F7-5B7D-4CBF-842A-B7E0C02520DC}.ReleaseDLL|x64.ActiveCfg = ReleaseDLL|x64
		{DBF1E8F7-5B7D-4CBF-842A-B7E0C02520DC}.ReleaseDLL|x64.Build.0 = ReleaseDLL|x64
		{DBF1E8F7-5B7D-4CBF-842A-B7E0C02520DC}.ReleaseDLL|x86.ActiveCfg = ReleaseDLL|Win32
		{DBF1E8F7-5B7D-4CBF-842A-B7E0C02520DC}.ReleaseDLL|x86.Build.0 = ReleaseDLL|Win32
		{DBF1E8F7-5B7D-4CBF-842A-B7E0C02520DC}.ReleaseDLLStaticDeps|x64.ActiveCfg = ReleaseDLLStaticDeps|x64
		{DBF1E8F7-5B7D-4CBF-842A-B7E0C02520DC}.ReleaseDLLStaticDeps|x64.Build.0 = ReleaseDLLStaticDeps|x64
		{DBF1E8F7-5B7D-4CBF-842A-B7E0C02520DC}.ReleaseDLLStaticDeps|x86.ActiveCfg = ReleaseDLLStaticDeps|Win32
		{DBF1E8F7-5B7D-4CBF-842A-B7E0C02520DC}.ReleaseDLLStaticDeps|x86.Build.0 = ReleaseDLLStaticDeps|Win32
		{DBF1E8F7-5B7D-4CBF-842A-B7E0C02520DC}.ReleaseDLLWinRT|x64.ActiveCfg = ReleaseDLL|x64
		{DBF1E8F7-5B7D-4CBF-842A-B7E0C02520DC}.ReleaseDLLWinRT|x64.Build.0 = ReleaseDLL|x64
		{DBF1E8F7-5B7D-4CBF-842A-B7E0C02520DC}.ReleaseDLLWinRT|x86.ActiveCfg = ReleaseDLL|Win32
		{DBF1E8F7-5B7D-4CBF-842A-B7E0C02520DC}.ReleaseDLLWinRT|x86.Build.0 = ReleaseDLL|Win32
		{DBF1E8F7-5B7D-4CBF-842A-B7E0C02520DC}.ReleaseDLLWinRTStaticDeps|x64.ActiveCfg = ReleaseDLL|x64
		{DBF1E8F7-5B7D-4CBF-842A-B7E0C02520DC}.ReleaseDLLWinRTStaticDeps|x64.Build.0 = ReleaseDLL|x64
		{DBF1E8F7-5B7D-4CBF-842A-B7E0C02520DC}.ReleaseDLLWinRTStaticDeps|x86.ActiveCfg = ReleaseDLL|Win32
		{DBF1E8F7-5B7D-4CBF-842A-B7E0C02520DC}.ReleaseDLLWinRTStaticDeps|x86.Build.0 = ReleaseDLL|Win32
		{DBF1E8F7-5B7D-4CBF-842A-B7E0C02520DC}.ReleaseWinRT|x64.ActiveCfg = Release|x64
		{DBF1E8F7-5B7D-4CBF-842A-B7E0C02520DC}.ReleaseWinRT|x64.Build.0 = Release|x64
		{DBF1E8F7-5B7D-4CBF-842A-B7E0C02520DC}.ReleaseWinRT|x86.ActiveCfg = Release|Win32
		{DBF1E8F7-5B7D-4CBF-842A-B7E0C02520DC}.ReleaseWinRT|x86.Build.0 = Release|Win32
	EndGlobalSection
	GlobalSection(SolutionProperties) = preSolution
		HideSolutionNode = FALSE
	EndGlobalSection
	GlobalSection(NestedProjects) = preSolution
		{4081C77E-F1F7-49FA-9BD8-A4D267C83716} = {8A736DDA-6840-4E65-9DA4-BF65A2A70428}
		{E2A6865D-BD68-45B4-8130-EFD620F2C7EB} = {8A736DDA-6840-4E65-9DA4-BF65A2A70428}
		{147A422A-FA63-4724-A5D9-08B1CAFDAB59} = {8A736DDA-6840-4E65-9DA4-BF65A2A70428}
	EndGlobalSection
	GlobalSection(ExtensibilityGlobals) = postSolution
		SolutionGuid = {DCB9AC55-BA91-4069-BB66-100B54FD5A31}
	EndGlobalSection
EndGlobal
